{
    "version": 3,
    "terraform_version": "0.11.13",
    "serial": 5,
    "lineage": "f89a04ad-174b-907f-5022-98d01abbeb3a",
    "modules": [
        {
            "path": [
                "root"
            ],
            "outputs": {
                "bastion_public_ip": {
                    "sensitive": false,
                    "type": "list",
                    "value": [
                        "140.238.180.67"
                    ]
                },
                "lb_private2_ip": {
                    "sensitive": false,
                    "type": "list",
                    "value": [
                        "10.1.22.7"
                    ]
                },
                "lb_private_ip": {
                    "sensitive": false,
                    "type": "list",
                    "value": [
                        "10.1.22.6"
                    ]
                },
                "lb_public2_ip": {
                    "sensitive": false,
                    "type": "list",
                    "value": [
                        "140.238.176.205"
                    ]
                },
                "lb_public_ip": {
                    "sensitive": false,
                    "type": "list",
                    "value": [
                        "140.238.177.186"
                    ]
                }
            },
            "resources": {
                "data.oci_core_services.test_services": {
                    "type": "oci_core_services",
                    "depends_on": [],
                    "primary": {
                        "id": "2019-08-15 18:37:04.195374 +0000 UTC",
                        "attributes": {
                            "filter.#": "1",
                            "filter.2841581091.name": "name",
                            "filter.2841581091.regex": "true",
                            "filter.2841581091.values.#": "1",
                            "filter.2841581091.values.0": ".*Object.*Storage",
                            "id": "2019-08-15 18:37:04.195374 +0000 UTC",
                            "services.#": "1",
                            "services.0.cidr_block": "oci-gru-objectstorage",
                            "services.0.description": "OCI GRU Object Storage",
                            "services.0.id": "ocid1.service.oc1.sa-saopaulo-1.aaaaaaaalrthnhiysrsux6lnhougwb2wvq37bd2tpf2au4ieahtg57zw7ura",
                            "services.0.name": "OCI GRU Object Storage"
                        },
                        "meta": {},
                        "tainted": false
                    },
                    "deposed": [],
                    "provider": "provider.oci"
                },
                "data.oci_identity_availability_domains.ADs": {
                    "type": "oci_identity_availability_domains",
                    "depends_on": [],
                    "primary": {
                        "id": "2019-08-15 18:37:04.120514 +0000 UTC",
                        "attributes": {
                            "availability_domains.#": "1",
                            "availability_domains.0.compartment_id": "ocid1.tenancy.oc1..aaaaaaaa3oaodacgd5pfjd3yasqb3aqewfdpqdsx4cc456lrkuyrc4bdgiya",
                            "availability_domains.0.id": "ocid1.availabilitydomain.oc1..aaaaaaaay5nesbty7quxigdwtp7axotkcglzi43jvfrnwvbv4dgjerqwxf5a",
                            "availability_domains.0.name": "DtVE:SA-SAOPAULO-1-AD-1",
                            "compartment_id": "ocid1.tenancy.oc1..aaaaaaaa3oaodacgd5pfjd3yasqb3aqewfdpqdsx4cc456lrkuyrc4bdgiya",
                            "id": "2019-08-15 18:37:04.120514 +0000 UTC"
                        },
                        "meta": {},
                        "tainted": false
                    },
                    "deposed": [],
                    "provider": "provider.oci"
                },
                "data.template_file.cacert": {
                    "type": "template_file",
                    "depends_on": [],
                    "primary": {
                        "id": "de6da669c1368f77b7e9d695474ed9aa592423603bbbe6a546b8bd3c90c2f2fb",
                        "attributes": {
                            "id": "de6da669c1368f77b7e9d695474ed9aa592423603bbbe6a546b8bd3c90c2f2fb",
                            "rendered": "-----BEGIN CERTIFICATE-----\nMIIEkjCCA3qgAwIBAgIQCgFBQgAAAVOFc2oLheynCDANBgkqhkiG9w0BAQsFADA/\nMSQwIgYDVQQKExtEaWdpdGFsIFNpZ25hdHVyZSBUcnVzdCBDby4xFzAVBgNVBAMT\nDkRTVCBSb290IENBIFgzMB4XDTE2MDMxNzE2NDA0NloXDTIxMDMxNzE2NDA0Nlow\nSjELMAkGA1UEBhMCVVMxFjAUBgNVBAoTDUxldCdzIEVuY3J5cHQxIzAhBgNVBAMT\nGkxldCdzIEVuY3J5cHQgQXV0aG9yaXR5IFgzMIIBIjANBgkqhkiG9w0BAQEFAAOC\nAQ8AMIIBCgKCAQEAnNMM8FrlLke3cl03g7NoYzDq1zUmGSXhvb418XCSL7e4S0EF\nq6meNQhY7LEqxGiHC6PjdeTm86dicbp5gWAf15Gan/PQeGdxyGkOlZHP/uaZ6WA8\nSMx+yk13EiSdRxta67nsHjcAHJyse6cF6s5K671B5TaYucv9bTyWaN8jKkKQDIZ0\nZ8h/pZq4UmEUEz9l6YKHy9v6Dlb2honzhT+Xhq+w3Brvaw2VFn3EK6BlspkENnWA\na6xK8xuQSXgvopZPKiAlKQTGdMDQMc2PMTiVFrqoM7hD8bEfwzB/onkxEz0tNvjj\n/PIzark5McWvxI0NHWQWM6r6hCm21AvA2H3DkwIDAQABo4IBfTCCAXkwEgYDVR0T\nAQH/BAgwBgEB/wIBADAOBgNVHQ8BAf8EBAMCAYYwfwYIKwYBBQUHAQEEczBxMDIG\nCCsGAQUFBzABhiZodHRwOi8vaXNyZy50cnVzdGlkLm9jc3AuaWRlbnRydXN0LmNv\nbTA7BggrBgEFBQcwAoYvaHR0cDovL2FwcHMuaWRlbnRydXN0LmNvbS9yb290cy9k\nc3Ryb290Y2F4My5wN2MwHwYDVR0jBBgwFoAUxKexpHsscfrb4UuQdf/EFWCFiRAw\nVAYDVR0gBE0wSzAIBgZngQwBAgEwPwYLKwYBBAGC3xMBAQEwMDAuBggrBgEFBQcC\nARYiaHR0cDovL2Nwcy5yb290LXgxLmxldHNlbmNyeXB0Lm9yZzA8BgNVHR8ENTAz\nMDGgL6AthitodHRwOi8vY3JsLmlkZW50cnVzdC5jb20vRFNUUk9PVENBWDNDUkwu\nY3JsMB0GA1UdDgQWBBSoSmpjBH3duubRObemRWXv86jsoTANBgkqhkiG9w0BAQsF\nAAOCAQEA3TPXEfNjWDjdGBX7CVW+dla5cEilaUcne8IkCJLxWh9KEik3JHRRHGJo\nuM2VcGfl96S8TihRzZvoroed6ti6WqEBmtzw3Wodatg+VyOeph4EYpr/1wXKtx8/\nwApIvJSwtmVi4MFU5aMqrSDE6ea73Mj2tcMyo5jMd6jmeWUHK8so/joWUoHOUgwu\nX4Po1QYz+3dszkDqMp4fklxBwXRsW10KXzPMTZ+sOPAveyxindmjkW8lGy+QsRlG\nPfZ+G6Z6h7mjem0Y+iWlkYcV4PIWL1iwBi8saCbGS5jN2p8M+X+Q7UNKEkROb3N6\nKOqkqm57TH2H3eDJAkSnh6/DNFu0Qg==\n-----END CERTIFICATE-----",
                            "template": "-----BEGIN CERTIFICATE-----\nMIIEkjCCA3qgAwIBAgIQCgFBQgAAAVOFc2oLheynCDANBgkqhkiG9w0BAQsFADA/\nMSQwIgYDVQQKExtEaWdpdGFsIFNpZ25hdHVyZSBUcnVzdCBDby4xFzAVBgNVBAMT\nDkRTVCBSb290IENBIFgzMB4XDTE2MDMxNzE2NDA0NloXDTIxMDMxNzE2NDA0Nlow\nSjELMAkGA1UEBhMCVVMxFjAUBgNVBAoTDUxldCdzIEVuY3J5cHQxIzAhBgNVBAMT\nGkxldCdzIEVuY3J5cHQgQXV0aG9yaXR5IFgzMIIBIjANBgkqhkiG9w0BAQEFAAOC\nAQ8AMIIBCgKCAQEAnNMM8FrlLke3cl03g7NoYzDq1zUmGSXhvb418XCSL7e4S0EF\nq6meNQhY7LEqxGiHC6PjdeTm86dicbp5gWAf15Gan/PQeGdxyGkOlZHP/uaZ6WA8\nSMx+yk13EiSdRxta67nsHjcAHJyse6cF6s5K671B5TaYucv9bTyWaN8jKkKQDIZ0\nZ8h/pZq4UmEUEz9l6YKHy9v6Dlb2honzhT+Xhq+w3Brvaw2VFn3EK6BlspkENnWA\na6xK8xuQSXgvopZPKiAlKQTGdMDQMc2PMTiVFrqoM7hD8bEfwzB/onkxEz0tNvjj\n/PIzark5McWvxI0NHWQWM6r6hCm21AvA2H3DkwIDAQABo4IBfTCCAXkwEgYDVR0T\nAQH/BAgwBgEB/wIBADAOBgNVHQ8BAf8EBAMCAYYwfwYIKwYBBQUHAQEEczBxMDIG\nCCsGAQUFBzABhiZodHRwOi8vaXNyZy50cnVzdGlkLm9jc3AuaWRlbnRydXN0LmNv\nbTA7BggrBgEFBQcwAoYvaHR0cDovL2FwcHMuaWRlbnRydXN0LmNvbS9yb290cy9k\nc3Ryb290Y2F4My5wN2MwHwYDVR0jBBgwFoAUxKexpHsscfrb4UuQdf/EFWCFiRAw\nVAYDVR0gBE0wSzAIBgZngQwBAgEwPwYLKwYBBAGC3xMBAQEwMDAuBggrBgEFBQcC\nARYiaHR0cDovL2Nwcy5yb290LXgxLmxldHNlbmNyeXB0Lm9yZzA8BgNVHR8ENTAz\nMDGgL6AthitodHRwOi8vY3JsLmlkZW50cnVzdC5jb20vRFNUUk9PVENBWDNDUkwu\nY3JsMB0GA1UdDgQWBBSoSmpjBH3duubRObemRWXv86jsoTANBgkqhkiG9w0BAQsF\nAAOCAQEA3TPXEfNjWDjdGBX7CVW+dla5cEilaUcne8IkCJLxWh9KEik3JHRRHGJo\nuM2VcGfl96S8TihRzZvoroed6ti6WqEBmtzw3Wodatg+VyOeph4EYpr/1wXKtx8/\nwApIvJSwtmVi4MFU5aMqrSDE6ea73Mj2tcMyo5jMd6jmeWUHK8so/joWUoHOUgwu\nX4Po1QYz+3dszkDqMp4fklxBwXRsW10KXzPMTZ+sOPAveyxindmjkW8lGy+QsRlG\nPfZ+G6Z6h7mjem0Y+iWlkYcV4PIWL1iwBi8saCbGS5jN2p8M+X+Q7UNKEkROb3N6\nKOqkqm57TH2H3eDJAkSnh6/DNFu0Qg==\n-----END CERTIFICATE-----"
                        },
                        "meta": {},
                        "tainted": false
                    },
                    "deposed": [],
                    "provider": "provider.template"
                },
                "data.template_file.cert": {
                    "type": "template_file",
                    "depends_on": [],
                    "primary": {
                        "id": "ed9c38b095d2203cd788cecf4a6f441b9ca4806839735b90b258774abfa5a81f",
                        "attributes": {
                            "id": "ed9c38b095d2203cd788cecf4a6f441b9ca4806839735b90b258774abfa5a81f",
                            "rendered": "-----BEGIN CERTIFICATE-----\nMIIErDCCA5SgAwIBAgIJAM5E7PlGig/QMA0GCSqGSIb3DQEBCwUAMIGXMQswCQYD\nVQQGEwJVUzEOMAwGA1UECAwFVGV4YXMxDzANBgNVBAcMBklydmluZzEPMA0GA1UE\nCgwGT1JhY2xlMQ0wCwYDVQQLDARWTlBNMSAwHgYDVQQDDBd0ZXN0NDAwbWIuam9o\nbmxvZGluaS51czElMCMGCSqGSIb3DQEJARYWam9obi5sb2RpbmlAb3JhY2xlLmNv\nbTAeFw0xOTA0MTgyMzIwNDJaFw0yMDA0MTcyMzIwNDJaMIGXMQswCQYDVQQGEwJV\nUzEOMAwGA1UECAwFVGV4YXMxDzANBgNVBAcMBklydmluZzEPMA0GA1UECgwGT1Jh\nY2xlMQ0wCwYDVQQLDARWTlBNMSAwHgYDVQQDDBd0ZXN0NDAwbWIuam9obmxvZGlu\naS51czElMCMGCSqGSIb3DQEJARYWam9obi5sb2RpbmlAb3JhY2xlLmNvbTCCASIw\nDQYJKoZIhvcNAQEBBQADggEPADCCAQoCggEBAMuQ7I/G8VAFzv2HsACxC57JE3UE\n67UrJFbJOa9WnHHZSBPtprim7KZ75NipmFLINiTWKysqTc1LXbiyGOAj+JGYXb/+\nhfV6FrRJqONk8+5nX+kO1N9iatmpycryi1gfVgmXVkKbN/o+uV8ZBOiD6CUvuKx3\nSjoALZ2YQR+aGOUqOPbc+PrEMSkvIUefs5qHDhxx395wOv4IEw7Zb9mHaqSWhi9z\nty9qiFPd1wqvjrfTYbo8uy0iYMpXYyipvvlkDHhaul+p3ARl5Ppv+D6tmld1ltKj\nmE+zKFZj/lYLP3FxL7b51JOZ9X2PEMiVaH9dykglfzn0xdW5NDWP2yEI/j0CAwEA\nAaOB+DCB9TCBtgYDVR0jBIGuMIGroYGdpIGaMIGXMQswCQYDVQQGEwJVUzEOMAwG\nA1UECAwFVGV4YXMxDzANBgNVBAcMBklydmluZzEPMA0GA1UECgwGT1JhY2xlMQ0w\nCwYDVQQLDARWTlBNMSAwHgYDVQQDDBd0ZXN0NDAwbWIuam9obmxvZGluaS51czEl\nMCMGCSqGSIb3DQEJARYWam9obi5sb2RpbmlAb3JhY2xlLmNvbYIJAM5E7PlGig/Q\nMAkGA1UdEwQCMAAwCwYDVR0PBAQDAgTwMCIGA1UdEQQbMBmCF3Rlc3Q0MDBtYi5q\nb2hubG9kaW5pLnVzMA0GCSqGSIb3DQEBCwUAA4IBAQAmZC8YD6qKOonCIeeTKS74\nfdyLOImYu/nASpxPHwCaCgNQnjeZB0wm74QCFP85/grRkMvrxTm/9FbGOoTq86kc\nJE87GquLdlJ3uvhDBiCG9urh5Nkbl6XifyZGX1Adk2T5WRYknvxvRmIlslNSezzW\nhsOugO8gXg6baUaotmLaJ6zX3K4OIrUJU8DGNr8R2UgGDfoDg5xpcO2V8c98Odt2\n2xB+N1L7WbD5jQQbtXepMWa8fML9+CPWqkLZCbeaRF/kzclJmxC4hbCIgBB+CPP3\n53byB3kvEnMMoCUjVNcNjItd2So2UDXXNvcpojETEF2G6Jfaif4HE6YmNy3/tpFR\n-----END CERTIFICATE-----",
                            "template": "-----BEGIN CERTIFICATE-----\nMIIErDCCA5SgAwIBAgIJAM5E7PlGig/QMA0GCSqGSIb3DQEBCwUAMIGXMQswCQYD\nVQQGEwJVUzEOMAwGA1UECAwFVGV4YXMxDzANBgNVBAcMBklydmluZzEPMA0GA1UE\nCgwGT1JhY2xlMQ0wCwYDVQQLDARWTlBNMSAwHgYDVQQDDBd0ZXN0NDAwbWIuam9o\nbmxvZGluaS51czElMCMGCSqGSIb3DQEJARYWam9obi5sb2RpbmlAb3JhY2xlLmNv\nbTAeFw0xOTA0MTgyMzIwNDJaFw0yMDA0MTcyMzIwNDJaMIGXMQswCQYDVQQGEwJV\nUzEOMAwGA1UECAwFVGV4YXMxDzANBgNVBAcMBklydmluZzEPMA0GA1UECgwGT1Jh\nY2xlMQ0wCwYDVQQLDARWTlBNMSAwHgYDVQQDDBd0ZXN0NDAwbWIuam9obmxvZGlu\naS51czElMCMGCSqGSIb3DQEJARYWam9obi5sb2RpbmlAb3JhY2xlLmNvbTCCASIw\nDQYJKoZIhvcNAQEBBQADggEPADCCAQoCggEBAMuQ7I/G8VAFzv2HsACxC57JE3UE\n67UrJFbJOa9WnHHZSBPtprim7KZ75NipmFLINiTWKysqTc1LXbiyGOAj+JGYXb/+\nhfV6FrRJqONk8+5nX+kO1N9iatmpycryi1gfVgmXVkKbN/o+uV8ZBOiD6CUvuKx3\nSjoALZ2YQR+aGOUqOPbc+PrEMSkvIUefs5qHDhxx395wOv4IEw7Zb9mHaqSWhi9z\nty9qiFPd1wqvjrfTYbo8uy0iYMpXYyipvvlkDHhaul+p3ARl5Ppv+D6tmld1ltKj\nmE+zKFZj/lYLP3FxL7b51JOZ9X2PEMiVaH9dykglfzn0xdW5NDWP2yEI/j0CAwEA\nAaOB+DCB9TCBtgYDVR0jBIGuMIGroYGdpIGaMIGXMQswCQYDVQQGEwJVUzEOMAwG\nA1UECAwFVGV4YXMxDzANBgNVBAcMBklydmluZzEPMA0GA1UECgwGT1JhY2xlMQ0w\nCwYDVQQLDARWTlBNMSAwHgYDVQQDDBd0ZXN0NDAwbWIuam9obmxvZGluaS51czEl\nMCMGCSqGSIb3DQEJARYWam9obi5sb2RpbmlAb3JhY2xlLmNvbYIJAM5E7PlGig/Q\nMAkGA1UdEwQCMAAwCwYDVR0PBAQDAgTwMCIGA1UdEQQbMBmCF3Rlc3Q0MDBtYi5q\nb2hubG9kaW5pLnVzMA0GCSqGSIb3DQEBCwUAA4IBAQAmZC8YD6qKOonCIeeTKS74\nfdyLOImYu/nASpxPHwCaCgNQnjeZB0wm74QCFP85/grRkMvrxTm/9FbGOoTq86kc\nJE87GquLdlJ3uvhDBiCG9urh5Nkbl6XifyZGX1Adk2T5WRYknvxvRmIlslNSezzW\nhsOugO8gXg6baUaotmLaJ6zX3K4OIrUJU8DGNr8R2UgGDfoDg5xpcO2V8c98Odt2\n2xB+N1L7WbD5jQQbtXepMWa8fML9+CPWqkLZCbeaRF/kzclJmxC4hbCIgBB+CPP3\n53byB3kvEnMMoCUjVNcNjItd2So2UDXXNvcpojETEF2G6Jfaif4HE6YmNy3/tpFR\n-----END CERTIFICATE-----"
                        },
                        "meta": {},
                        "tainted": false
                    },
                    "deposed": [],
                    "provider": "provider.template"
                },
                "data.template_file.init": {
                    "type": "template_file",
                    "depends_on": [],
                    "primary": {
                        "id": "c0cb0d59e39502110e685feb5556608211af97b9409ef2f09912bc10bd331b01",
                        "attributes": {
                            "id": "c0cb0d59e39502110e685feb5556608211af97b9409ef2f09912bc10bd331b01",
                            "rendered": "# Copyright (c) 2018, 2019, Oracle and/or its affiliates. All rights reserved.\n#!/bin/bash -x\necho '################### webserver userdata begins #####################'\nsudo touch ~opc/userdata.`date +%s`.start\n# echo '########## yum update all ###############'\n# yum update -y\necho '########## basic webserver ##############'\nsudo yum install -y tomcat\nsudo yum install -y tomcat-webapps tomcat-admin-webapps tomcat-docs-webapp tomcat-javadoc\necho \"\u003cbr\u003eHost:\" \u003e\u003e /usr/share/tomcat/webapps/sample/hello.jsp\nsudo sed -i -e \"s/8080/8080/g\" /usr/share/tomcat/conf/server.xml\nhostname \u003e\u003e /usr/share/tomcat/webapps/sample/hello.jsp\nsudo firewall-offline-cmd --add-port=8080/tcp\nsudo systemctl enable  firewalld\nsudo systemctl restart  firewalld\nsudo systemctl start tomcat\nsudo systemctl enable tomcat\n\ntouch ~opc/userdata.`date +%s`.finish\necho '################### webserver userdata ends #######################'\n\n",
                            "template": "# Copyright (c) 2018, 2019, Oracle and/or its affiliates. All rights reserved.\n#!/bin/bash -x\necho '################### webserver userdata begins #####################'\nsudo touch ~opc/userdata.`date +%s`.start\n# echo '########## yum update all ###############'\n# yum update -y\necho '########## basic webserver ##############'\nsudo yum install -y tomcat\nsudo yum install -y tomcat-webapps tomcat-admin-webapps tomcat-docs-webapp tomcat-javadoc\necho \"\u003cbr\u003eHost:\" \u003e\u003e /usr/share/tomcat/webapps/sample/hello.jsp\nsudo sed -i -e \"s/8080/${port}/g\" /usr/share/tomcat/conf/server.xml\nhostname \u003e\u003e /usr/share/tomcat/webapps/sample/hello.jsp\nsudo firewall-offline-cmd --add-port=${port}/tcp\nsudo systemctl enable  firewalld\nsudo systemctl restart  firewalld\nsudo systemctl start tomcat\nsudo systemctl enable tomcat\n\ntouch ~opc/userdata.`date +%s`.finish\necho '################### webserver userdata ends #######################'\n\n",
                            "vars.%": "1",
                            "vars.port": "8080"
                        },
                        "meta": {},
                        "tainted": false
                    },
                    "deposed": [],
                    "provider": "provider.template"
                },
                "data.template_file.privkey": {
                    "type": "template_file",
                    "depends_on": [],
                    "primary": {
                        "id": "5c515746d6c8135c2363eedca527f69fcf0a56d4e0d99c3850e9b6cddf7ae420",
                        "attributes": {
                            "id": "5c515746d6c8135c2363eedca527f69fcf0a56d4e0d99c3850e9b6cddf7ae420",
                            "rendered": "-----BEGIN RSA PRIVATE KEY-----\nMIIEpAIBAAKCAQEAy5Dsj8bxUAXO/YewALELnskTdQTrtSskVsk5r1accdlIE+2m\nuKbspnvk2KmYUsg2JNYrKypNzUtduLIY4CP4kZhdv/6F9XoWtEmo42Tz7mdf6Q7U\n32Jq2anJyvKLWB9WCZdWQps3+j65XxkE6IPoJS+4rHdKOgAtnZhBH5oY5So49tz4\n+sQxKS8hR5+zmocOHHHf3nA6/ggTDtlv2YdqpJaGL3O3L2qIU93XCq+Ot9Nhujy7\nLSJgyldjKKm++WQMeFq6X6ncBGXk+m/4Pq2aV3WW0qOYT7MoVmP+Vgs/cXEvtvnU\nk5n1fY8QyJVof13KSCV/OfTF1bk0NY/bIQj+PQIDAQABAoIBAEKC7pgnk07nJvN1\ncw82yaou3rmcSvtdxjjI9J0SenlEWiWQv6mTeL0IvAQCna9mlTJB+8bVwqfyGQQw\nxKnvdtbzZqZFnjVPl71+V708jer2QcMfQnRebrUBodo6l0bKrkzh8qA+oPKVrfGh\ndhYWizIjPn6zV0BOMJlOVvDhY4L0S7fs9OemhNLoY1IVfpSgXwhZWg45kA0mAXQZ\n8TzbcvWd1pXC/beYM5tWjJUo4rD8UkWVH6qeqSR3FHvuxeb0nJrbnsdPbjXKh9NY\ncULE9XnNE2sRT4r0teOOLZ91dwDSDLmprW4FyqJrUQHfpmLPiwJd+5P+egGcy5F6\nmONQgaECgYEA/bjumRJPu76VKOnWwq95E+bvMr/I3sQrlC/xkDxP89dydtZTEZDi\ndcDcAYUlIP8taK5d77QHoBQdY0gjzBBLgNb0hetWJiAldfHqFdohd1GCK457ZAsn\n1OyimA5NQkY8tLuNig0A3i/fjeMNLMseBw1ynxGM1kdEbR6JgO86jLUCgYEAzWS6\n67sIDcU1YxYOFTmjQYm7OGF6DuDaX06r7++CVKfzPmvRncgQvmbwF+CZXNR00kCc\n0ntiUgQEc7x5ioslAhcoIxWHzkQTs40IbfgP2JSDCTsJ0X1LFGGc8g38GnrZ1yAf\nAraq9+f7YwiHkpQBnu8UymY9CjpRFru1NPqFKGkCgYEAhtyMnnp4PS/xMt0QlU0W\nC3kdvZjpWVdmXo8ZVHRqfw8OvZHwd47OgI6xonE2KhLY/SJptea4guMON955gJdM\nusAHG0Pa98rwfn/G0DSwwy5lBWfnuGahlnDtf+tiL48L53klo7KDupYxusZsE1on\nrNH+EgUPGjqpaWLo7cq7EV0CgYBLQcZPi2cnDIREOxeL5WORJvMndGfxvael1kCf\nmIWLmUJCM+VJR74C1drRFOV8owfu5efQI49h98Dd20g5YER+IJf/SutIw57oYhud\nl4/OzpO4tR4i2SLCZAXKlx8xYKQi880JBH9eeGye28g5B+wUHQvkIVPqRHXju4Fo\n2QYjSQKBgQDtXUvxzvwTUDV37yERmoX1Xm+XDrR+5yB5jOx7nuqPd4bdbonYt0oo\nOP6uXNq7/14xfT61IyswUgtitB4096JxjpH46q3Zxnw4kJKHdX1EK8h17AMj+YEZ\n7QzubWQPFHa6KkfhokgQYyxUq0IONi3LKEyTffTLJAXG8xCVjer9sA==\n-----END RSA PRIVATE KEY-----\n",
                            "template": "-----BEGIN RSA PRIVATE KEY-----\nMIIEpAIBAAKCAQEAy5Dsj8bxUAXO/YewALELnskTdQTrtSskVsk5r1accdlIE+2m\nuKbspnvk2KmYUsg2JNYrKypNzUtduLIY4CP4kZhdv/6F9XoWtEmo42Tz7mdf6Q7U\n32Jq2anJyvKLWB9WCZdWQps3+j65XxkE6IPoJS+4rHdKOgAtnZhBH5oY5So49tz4\n+sQxKS8hR5+zmocOHHHf3nA6/ggTDtlv2YdqpJaGL3O3L2qIU93XCq+Ot9Nhujy7\nLSJgyldjKKm++WQMeFq6X6ncBGXk+m/4Pq2aV3WW0qOYT7MoVmP+Vgs/cXEvtvnU\nk5n1fY8QyJVof13KSCV/OfTF1bk0NY/bIQj+PQIDAQABAoIBAEKC7pgnk07nJvN1\ncw82yaou3rmcSvtdxjjI9J0SenlEWiWQv6mTeL0IvAQCna9mlTJB+8bVwqfyGQQw\nxKnvdtbzZqZFnjVPl71+V708jer2QcMfQnRebrUBodo6l0bKrkzh8qA+oPKVrfGh\ndhYWizIjPn6zV0BOMJlOVvDhY4L0S7fs9OemhNLoY1IVfpSgXwhZWg45kA0mAXQZ\n8TzbcvWd1pXC/beYM5tWjJUo4rD8UkWVH6qeqSR3FHvuxeb0nJrbnsdPbjXKh9NY\ncULE9XnNE2sRT4r0teOOLZ91dwDSDLmprW4FyqJrUQHfpmLPiwJd+5P+egGcy5F6\nmONQgaECgYEA/bjumRJPu76VKOnWwq95E+bvMr/I3sQrlC/xkDxP89dydtZTEZDi\ndcDcAYUlIP8taK5d77QHoBQdY0gjzBBLgNb0hetWJiAldfHqFdohd1GCK457ZAsn\n1OyimA5NQkY8tLuNig0A3i/fjeMNLMseBw1ynxGM1kdEbR6JgO86jLUCgYEAzWS6\n67sIDcU1YxYOFTmjQYm7OGF6DuDaX06r7++CVKfzPmvRncgQvmbwF+CZXNR00kCc\n0ntiUgQEc7x5ioslAhcoIxWHzkQTs40IbfgP2JSDCTsJ0X1LFGGc8g38GnrZ1yAf\nAraq9+f7YwiHkpQBnu8UymY9CjpRFru1NPqFKGkCgYEAhtyMnnp4PS/xMt0QlU0W\nC3kdvZjpWVdmXo8ZVHRqfw8OvZHwd47OgI6xonE2KhLY/SJptea4guMON955gJdM\nusAHG0Pa98rwfn/G0DSwwy5lBWfnuGahlnDtf+tiL48L53klo7KDupYxusZsE1on\nrNH+EgUPGjqpaWLo7cq7EV0CgYBLQcZPi2cnDIREOxeL5WORJvMndGfxvael1kCf\nmIWLmUJCM+VJR74C1drRFOV8owfu5efQI49h98Dd20g5YER+IJf/SutIw57oYhud\nl4/OzpO4tR4i2SLCZAXKlx8xYKQi880JBH9eeGye28g5B+wUHQvkIVPqRHXju4Fo\n2QYjSQKBgQDtXUvxzvwTUDV37yERmoX1Xm+XDrR+5yB5jOx7nuqPd4bdbonYt0oo\nOP6uXNq7/14xfT61IyswUgtitB4096JxjpH46q3Zxnw4kJKHdX1EK8h17AMj+YEZ\n7QzubWQPFHa6KkfhokgQYyxUq0IONi3LKEyTffTLJAXG8xCVjer9sA==\n-----END RSA PRIVATE KEY-----\n"
                        },
                        "meta": {},
                        "tainted": false
                    },
                    "deposed": [],
                    "provider": "provider.template"
                },
                "oci_core_default_security_list.default-securitylist": {
                    "type": "oci_core_default_security_list",
                    "depends_on": [
                        "oci_core_vcn.vcn1"
                    ],
                    "primary": {
                        "id": "ocid1.securitylist.oc1.sa-saopaulo-1.aaaaaaaawt7md3dzm32aegokseddtfkizrdulgcg2jkwdegl7w6xd2oypnla",
                        "attributes": {
                            "defined_tags.%": "2",
                            "defined_tags.Operations.CostCenter": "w1234",
                            "defined_tags.Operations.CreatedBy": "vinay.c.rao@oracle.com",
                            "display_name": "default",
                            "egress_security_rules.#": "1",
                            "egress_security_rules.1582479153.destination": "0.0.0.0/0",
                            "egress_security_rules.1582479153.destination_type": "CIDR_BLOCK",
                            "egress_security_rules.1582479153.icmp_options.#": "0",
                            "egress_security_rules.1582479153.protocol": "all",
                            "egress_security_rules.1582479153.stateless": "false",
                            "egress_security_rules.1582479153.tcp_options.#": "0",
                            "egress_security_rules.1582479153.udp_options.#": "0",
                            "freeform_tags.%": "0",
                            "id": "ocid1.securitylist.oc1.sa-saopaulo-1.aaaaaaaawt7md3dzm32aegokseddtfkizrdulgcg2jkwdegl7w6xd2oypnla",
                            "ingress_security_rules.#": "1",
                            "ingress_security_rules.47193274.icmp_options.#": "0",
                            "ingress_security_rules.47193274.protocol": "6",
                            "ingress_security_rules.47193274.source": "0.0.0.0/0",
                            "ingress_security_rules.47193274.source_type": "CIDR_BLOCK",
                            "ingress_security_rules.47193274.stateless": "false",
                            "ingress_security_rules.47193274.tcp_options.#": "1",
                            "ingress_security_rules.47193274.tcp_options.0.max": "22",
                            "ingress_security_rules.47193274.tcp_options.0.min": "22",
                            "ingress_security_rules.47193274.tcp_options.0.source_port_range.#": "0",
                            "ingress_security_rules.47193274.udp_options.#": "0",
                            "manage_default_resource_id": "ocid1.securitylist.oc1.sa-saopaulo-1.aaaaaaaawt7md3dzm32aegokseddtfkizrdulgcg2jkwdegl7w6xd2oypnla",
                            "state": "AVAILABLE",
                            "time_created": "2019-08-14 21:54:11.123 +0000 UTC"
                        },
                        "meta": {
                            "e2bfb730-ecaa-11e6-8f88-34363bc7c4c0": {
                                "create": 900000000000,
                                "delete": 900000000000,
                                "update": 900000000000
                            }
                        },
                        "tainted": false
                    },
                    "deposed": [],
                    "provider": "provider.oci"
                },
                "oci_core_instance.vcn1-bastion": {
                    "type": "oci_core_instance",
                    "depends_on": [
                        "oci_core_subnet.public_subnet1"
                    ],
                    "primary": {
                        "id": "ocid1.instance.oc1.sa-saopaulo-1.abtxeljr2fn6t4tyl3zcslsmqgw3732vr3ahdhcovahuexz4aqf4mf73euia",
                        "attributes": {
                            "agent_config.#": "1",
                            "agent_config.0.is_monitoring_disabled": "false",
                            "availability_domain": "DtVE:SA-SAOPAULO-1-AD-1",
                            "boot_volume_id": "ocid1.bootvolume.oc1.sa-saopaulo-1.abtxeljrg2n3x4ujmfqpxnpupwo4uvxfi2x337vh4ub5mk4k2hx5ysbdfwxa",
                            "compartment_id": "ocid1.compartment.oc1..aaaaaaaa4ttil2x4vxf6nib53qiao5ly7nrnk55cdclisuxubqr77u7gumwa",
                            "create_vnic_details.#": "1",
                            "create_vnic_details.0.assign_public_ip": "true",
                            "create_vnic_details.0.defined_tags.%": "2",
                            "create_vnic_details.0.defined_tags.Operations.CostCenter": "w1234",
                            "create_vnic_details.0.defined_tags.Operations.CreatedBy": "vinay.c.rao@oracle.com",
                            "create_vnic_details.0.display_name": "vcn1-bastion",
                            "create_vnic_details.0.freeform_tags.%": "0",
                            "create_vnic_details.0.hostname_label": "vcn1-bastion",
                            "create_vnic_details.0.nsg_ids.#": "0",
                            "create_vnic_details.0.private_ip": "10.1.20.6",
                            "create_vnic_details.0.skip_source_dest_check": "false",
                            "create_vnic_details.0.subnet_id": "ocid1.subnet.oc1.sa-saopaulo-1.aaaaaaaanksk45irgabhmmnv5emeaymbnijsrlpiwjrr3z2n5sfm7i7wrzeq",
                            "defined_tags.%": "2",
                            "defined_tags.Operations.CostCenter": "w1234",
                            "defined_tags.Operations.CreatedBy": "vinay.c.rao@oracle.com",
                            "display_name": "vcn1-bastion",
                            "fault_domain": "FAULT-DOMAIN-3",
                            "freeform_tags.%": "0",
                            "hostname_label": "vcn1-bastion",
                            "id": "ocid1.instance.oc1.sa-saopaulo-1.abtxeljr2fn6t4tyl3zcslsmqgw3732vr3ahdhcovahuexz4aqf4mf73euia",
                            "image": "ocid1.image.oc1.sa-saopaulo-1.aaaaaaaacvzqswlkixoj4mmhyvxajburto5ulbicbh4pssfgqf5efmsowqga",
                            "launch_mode": "NATIVE",
                            "launch_options.#": "1",
                            "launch_options.0.boot_volume_type": "PARAVIRTUALIZED",
                            "launch_options.0.firmware": "UEFI_64",
                            "launch_options.0.is_consistent_volume_naming_enabled": "true",
                            "launch_options.0.is_pv_encryption_in_transit_enabled": "true",
                            "launch_options.0.network_type": "VFIO",
                            "launch_options.0.remote_data_volume_type": "PARAVIRTUALIZED",
                            "metadata.%": "1",
                            "metadata.ssh_authorized_keys": "ssh-rsa AAAAB3NzaC1yc2EAAAADAQABAAABAQDKlrm85/kMEuLlF2Sj5G3tKkck50Hy7bEKf1a4gThoYWD51lu8bp9VKp5M3Qy9vExRCRuPT/plJ+5+Kwic3BX/wsWsV5YRjeCY8SYt8kril4ygKhokaog+kGhsCtIk+ZamfoNLMTsJzVxa+njzoj9EkvvVPC/UZwbItf/cM7kYgt8sCRQ9BzETEOQrZ+rzXPDKMltZ37smLqN/OYTJRd0Kglglyf7WtGKsxgqtiHl2pRncQENb4V9vCW0KO3As97PugMHj7JuCw7Tm9bzqmHRlnKHK5gRaKtR9ts0Dq50JNixOrahvIwKhFPzJHJ3Lt++PWqu03CA+XXF40CKaECOL vinay-ssh",
                            "private_ip": "10.1.20.6",
                            "public_ip": "140.238.180.67",
                            "region": "sa-saopaulo-1",
                            "shape": "VM.Standard2.4",
                            "source_details.#": "1",
                            "source_details.0.boot_volume_size_in_gbs": "47",
                            "source_details.0.kms_key_id": "",
                            "source_details.0.source_id": "ocid1.image.oc1.sa-saopaulo-1.aaaaaaaacvzqswlkixoj4mmhyvxajburto5ulbicbh4pssfgqf5efmsowqga",
                            "source_details.0.source_type": "image",
                            "state": "RUNNING",
                            "subnet_id": "ocid1.subnet.oc1.sa-saopaulo-1.aaaaaaaanksk45irgabhmmnv5emeaymbnijsrlpiwjrr3z2n5sfm7i7wrzeq",
                            "time_created": "2019-08-15 18:37:58.861 +0000 UTC",
                            "time_maintenance_reboot_due": ""
                        },
                        "meta": {
                            "e2bfb730-ecaa-11e6-8f88-34363bc7c4c0": {
                                "create": 7200000000000,
                                "delete": 7200000000000,
                                "update": 7200000000000
                            }
                        },
                        "tainted": false
                    },
                    "deposed": [],
                    "provider": "provider.oci"
                },
                "oci_core_instance.vcn1-instance1": {
                    "type": "oci_core_instance",
                    "depends_on": [
                        "oci_core_subnet.private_subnet1"
                    ],
                    "primary": {
                        "id": "ocid1.instance.oc1.sa-saopaulo-1.abtxeljra3duldtbchob5mdbtpfyvf4qruzufv4kzx52hpjad235sqae7tba",
                        "attributes": {
                            "agent_config.#": "1",
                            "agent_config.0.is_monitoring_disabled": "false",
                            "availability_domain": "DtVE:SA-SAOPAULO-1-AD-1",
                            "boot_volume_id": "ocid1.bootvolume.oc1.sa-saopaulo-1.abtxeljryec2pu6uxjqsqaxiailhf67knrhp5fquxb6bp5cqxyxq3gz5zm7a",
                            "compartment_id": "ocid1.compartment.oc1..aaaaaaaa4ttil2x4vxf6nib53qiao5ly7nrnk55cdclisuxubqr77u7gumwa",
                            "create_vnic_details.#": "1",
                            "create_vnic_details.0.assign_public_ip": "true",
                            "create_vnic_details.0.defined_tags.%": "2",
                            "create_vnic_details.0.defined_tags.Operations.CostCenter": "w1234",
                            "create_vnic_details.0.defined_tags.Operations.CreatedBy": "vinay.c.rao@oracle.com",
                            "create_vnic_details.0.display_name": "vcn1-instance1",
                            "create_vnic_details.0.freeform_tags.%": "0",
                            "create_vnic_details.0.hostname_label": "vcn1-instance1",
                            "create_vnic_details.0.nsg_ids.#": "0",
                            "create_vnic_details.0.private_ip": "10.1.22.8",
                            "create_vnic_details.0.skip_source_dest_check": "false",
                            "create_vnic_details.0.subnet_id": "ocid1.subnet.oc1.sa-saopaulo-1.aaaaaaaafurusbd5ljegtykb6ujzpouxxc4hbvohaxzvlevycfm7rxyxd5ua",
                            "defined_tags.%": "2",
                            "defined_tags.Operations.CostCenter": "w1234",
                            "defined_tags.Operations.CreatedBy": "vinay.c.rao@oracle.com",
                            "display_name": "vcn1-instance1",
                            "fault_domain": "FAULT-DOMAIN-3",
                            "freeform_tags.%": "0",
                            "hostname_label": "vcn1-instance1",
                            "id": "ocid1.instance.oc1.sa-saopaulo-1.abtxeljra3duldtbchob5mdbtpfyvf4qruzufv4kzx52hpjad235sqae7tba",
                            "image": "ocid1.image.oc1.sa-saopaulo-1.aaaaaaaacvzqswlkixoj4mmhyvxajburto5ulbicbh4pssfgqf5efmsowqga",
                            "launch_mode": "NATIVE",
                            "launch_options.#": "1",
                            "launch_options.0.boot_volume_type": "PARAVIRTUALIZED",
                            "launch_options.0.firmware": "UEFI_64",
                            "launch_options.0.is_consistent_volume_naming_enabled": "true",
                            "launch_options.0.is_pv_encryption_in_transit_enabled": "true",
                            "launch_options.0.network_type": "VFIO",
                            "launch_options.0.remote_data_volume_type": "PARAVIRTUALIZED",
                            "metadata.%": "1",
                            "metadata.ssh_authorized_keys": "ssh-rsa AAAAB3NzaC1yc2EAAAADAQABAAABAQDKlrm85/kMEuLlF2Sj5G3tKkck50Hy7bEKf1a4gThoYWD51lu8bp9VKp5M3Qy9vExRCRuPT/plJ+5+Kwic3BX/wsWsV5YRjeCY8SYt8kril4ygKhokaog+kGhsCtIk+ZamfoNLMTsJzVxa+njzoj9EkvvVPC/UZwbItf/cM7kYgt8sCRQ9BzETEOQrZ+rzXPDKMltZ37smLqN/OYTJRd0Kglglyf7WtGKsxgqtiHl2pRncQENb4V9vCW0KO3As97PugMHj7JuCw7Tm9bzqmHRlnKHK5gRaKtR9ts0Dq50JNixOrahvIwKhFPzJHJ3Lt++PWqu03CA+XXF40CKaECOL vinay-ssh",
                            "private_ip": "10.1.22.8",
                            "public_ip": "140.238.181.178",
                            "region": "sa-saopaulo-1",
                            "shape": "VM.Standard2.4",
                            "source_details.#": "1",
                            "source_details.0.boot_volume_size_in_gbs": "47",
                            "source_details.0.kms_key_id": "",
                            "source_details.0.source_id": "ocid1.image.oc1.sa-saopaulo-1.aaaaaaaacvzqswlkixoj4mmhyvxajburto5ulbicbh4pssfgqf5efmsowqga",
                            "source_details.0.source_type": "image",
                            "state": "RUNNING",
                            "subnet_id": "ocid1.subnet.oc1.sa-saopaulo-1.aaaaaaaafurusbd5ljegtykb6ujzpouxxc4hbvohaxzvlevycfm7rxyxd5ua",
                            "time_created": "2019-08-15 18:37:58.637 +0000 UTC",
                            "time_maintenance_reboot_due": ""
                        },
                        "meta": {
                            "e2bfb730-ecaa-11e6-8f88-34363bc7c4c0": {
                                "create": 7200000000000,
                                "delete": 7200000000000,
                                "update": 7200000000000
                            }
                        },
                        "tainted": false
                    },
                    "deposed": [],
                    "provider": "provider.oci"
                },
                "oci_core_instance.vcn2-instance1": {
                    "type": "oci_core_instance",
                    "depends_on": [
                        "oci_core_subnet.private_subnet2"
                    ],
                    "primary": {
                        "id": "ocid1.instance.oc1.sa-saopaulo-1.abtxeljrk2irtoovbrza5lcusxc73nwakde3jgdakqlu2xhli6j4q5iaumjq",
                        "attributes": {
                            "agent_config.#": "1",
                            "agent_config.0.is_monitoring_disabled": "false",
                            "availability_domain": "DtVE:SA-SAOPAULO-1-AD-1",
                            "boot_volume_id": "ocid1.bootvolume.oc1.sa-saopaulo-1.abtxeljrc4bkclpnsmgzs5gu44qqx5zrmyhe3xjfhsproomg4pybddd4mxtq",
                            "compartment_id": "ocid1.compartment.oc1..aaaaaaaa4ttil2x4vxf6nib53qiao5ly7nrnk55cdclisuxubqr77u7gumwa",
                            "create_vnic_details.#": "1",
                            "create_vnic_details.0.assign_public_ip": "true",
                            "create_vnic_details.0.defined_tags.%": "2",
                            "create_vnic_details.0.defined_tags.Operations.CostCenter": "w1234",
                            "create_vnic_details.0.defined_tags.Operations.CreatedBy": "vinay.c.rao@oracle.com",
                            "create_vnic_details.0.display_name": "vcn2-instance1",
                            "create_vnic_details.0.freeform_tags.%": "0",
                            "create_vnic_details.0.hostname_label": "vcn2-instance1",
                            "create_vnic_details.0.nsg_ids.#": "0",
                            "create_vnic_details.0.private_ip": "10.2.22.2",
                            "create_vnic_details.0.skip_source_dest_check": "false",
                            "create_vnic_details.0.subnet_id": "ocid1.subnet.oc1.sa-saopaulo-1.aaaaaaaaztle7rzku5lty4ic5mmnce2yvpobt6h6nv4wsarygi45tcmqdm3q",
                            "defined_tags.%": "2",
                            "defined_tags.Operations.CostCenter": "w1234",
                            "defined_tags.Operations.CreatedBy": "vinay.c.rao@oracle.com",
                            "display_name": "vcn2-instance1",
                            "fault_domain": "FAULT-DOMAIN-3",
                            "freeform_tags.%": "0",
                            "hostname_label": "vcn2-instance1",
                            "id": "ocid1.instance.oc1.sa-saopaulo-1.abtxeljrk2irtoovbrza5lcusxc73nwakde3jgdakqlu2xhli6j4q5iaumjq",
                            "image": "ocid1.image.oc1.sa-saopaulo-1.aaaaaaaacvzqswlkixoj4mmhyvxajburto5ulbicbh4pssfgqf5efmsowqga",
                            "launch_mode": "NATIVE",
                            "launch_options.#": "1",
                            "launch_options.0.boot_volume_type": "PARAVIRTUALIZED",
                            "launch_options.0.firmware": "UEFI_64",
                            "launch_options.0.is_consistent_volume_naming_enabled": "true",
                            "launch_options.0.is_pv_encryption_in_transit_enabled": "true",
                            "launch_options.0.network_type": "VFIO",
                            "launch_options.0.remote_data_volume_type": "PARAVIRTUALIZED",
                            "metadata.%": "1",
                            "metadata.ssh_authorized_keys": "ssh-rsa AAAAB3NzaC1yc2EAAAADAQABAAABAQDKlrm85/kMEuLlF2Sj5G3tKkck50Hy7bEKf1a4gThoYWD51lu8bp9VKp5M3Qy9vExRCRuPT/plJ+5+Kwic3BX/wsWsV5YRjeCY8SYt8kril4ygKhokaog+kGhsCtIk+ZamfoNLMTsJzVxa+njzoj9EkvvVPC/UZwbItf/cM7kYgt8sCRQ9BzETEOQrZ+rzXPDKMltZ37smLqN/OYTJRd0Kglglyf7WtGKsxgqtiHl2pRncQENb4V9vCW0KO3As97PugMHj7JuCw7Tm9bzqmHRlnKHK5gRaKtR9ts0Dq50JNixOrahvIwKhFPzJHJ3Lt++PWqu03CA+XXF40CKaECOL vinay-ssh",
                            "private_ip": "10.2.22.2",
                            "public_ip": "140.238.181.195",
                            "region": "sa-saopaulo-1",
                            "shape": "VM.Standard2.4",
                            "source_details.#": "1",
                            "source_details.0.boot_volume_size_in_gbs": "47",
                            "source_details.0.kms_key_id": "",
                            "source_details.0.source_id": "ocid1.image.oc1.sa-saopaulo-1.aaaaaaaacvzqswlkixoj4mmhyvxajburto5ulbicbh4pssfgqf5efmsowqga",
                            "source_details.0.source_type": "image",
                            "state": "RUNNING",
                            "subnet_id": "ocid1.subnet.oc1.sa-saopaulo-1.aaaaaaaaztle7rzku5lty4ic5mmnce2yvpobt6h6nv4wsarygi45tcmqdm3q",
                            "time_created": "2019-08-15 18:37:59.603 +0000 UTC",
                            "time_maintenance_reboot_due": ""
                        },
                        "meta": {
                            "e2bfb730-ecaa-11e6-8f88-34363bc7c4c0": {
                                "create": 7200000000000,
                                "delete": 7200000000000,
                                "update": 7200000000000
                            }
                        },
                        "tainted": false
                    },
                    "deposed": [],
                    "provider": "provider.oci"
                },
                "oci_core_instance_configuration.vcn1-instance_configuration": {
                    "type": "oci_core_instance_configuration",
                    "depends_on": [
                        "data.template_file.init",
                        "oci_core_nat_gateway.natgateway1"
                    ],
                    "primary": {
                        "id": "ocid1.instanceconfiguration.oc1.sa-saopaulo-1.aaaaaaaax4yf66624gug5noii6ouekpxa2cdb3egycofug3dlrk3ttwd26qa",
                        "attributes": {
                            "compartment_id": "ocid1.compartment.oc1..aaaaaaaa4ttil2x4vxf6nib53qiao5ly7nrnk55cdclisuxubqr77u7gumwa",
                            "deferred_fields.#": "2",
                            "deferred_fields.0": "instanceDetails.launchDetails.availabilityDomain",
                            "deferred_fields.1": "instanceDetails.launchDetails.createVnicDetails.subnetId",
                            "defined_tags.%": "2",
                            "defined_tags.Operations.CostCenter": "w1234",
                            "defined_tags.Operations.CreatedBy": "vinay.c.rao@oracle.com",
                            "display_name": "vcn1-instance",
                            "freeform_tags.%": "0",
                            "id": "ocid1.instanceconfiguration.oc1.sa-saopaulo-1.aaaaaaaax4yf66624gug5noii6ouekpxa2cdb3egycofug3dlrk3ttwd26qa",
                            "instance_details.#": "1",
                            "instance_details.0.block_volumes.#": "0",
                            "instance_details.0.instance_type": "compute",
                            "instance_details.0.launch_details.#": "1",
                            "instance_details.0.launch_details.0.availability_domain": "",
                            "instance_details.0.launch_details.0.compartment_id": "ocid1.compartment.oc1..aaaaaaaa4ttil2x4vxf6nib53qiao5ly7nrnk55cdclisuxubqr77u7gumwa",
                            "instance_details.0.launch_details.0.create_vnic_details.#": "1",
                            "instance_details.0.launch_details.0.create_vnic_details.0.assign_public_ip": "false",
                            "instance_details.0.launch_details.0.create_vnic_details.0.display_name": "",
                            "instance_details.0.launch_details.0.create_vnic_details.0.hostname_label": "",
                            "instance_details.0.launch_details.0.create_vnic_details.0.nsg_ids.#": "0",
                            "instance_details.0.launch_details.0.create_vnic_details.0.private_ip": "",
                            "instance_details.0.launch_details.0.create_vnic_details.0.skip_source_dest_check": "true",
                            "instance_details.0.launch_details.0.create_vnic_details.0.subnet_id": "",
                            "instance_details.0.launch_details.0.defined_tags.%": "0",
                            "instance_details.0.launch_details.0.display_name": "vcn1-instance",
                            "instance_details.0.launch_details.0.extended_metadata.%": "0",
                            "instance_details.0.launch_details.0.fault_domain": "",
                            "instance_details.0.launch_details.0.freeform_tags.%": "0",
                            "instance_details.0.launch_details.0.ipxe_script": "",
                            "instance_details.0.launch_details.0.metadata.%": "2",
                            "instance_details.0.launch_details.0.metadata.ssh_authorized_keys": "ssh-rsa AAAAB3NzaC1yc2EAAAADAQABAAABAQDKlrm85/kMEuLlF2Sj5G3tKkck50Hy7bEKf1a4gThoYWD51lu8bp9VKp5M3Qy9vExRCRuPT/plJ+5+Kwic3BX/wsWsV5YRjeCY8SYt8kril4ygKhokaog+kGhsCtIk+ZamfoNLMTsJzVxa+njzoj9EkvvVPC/UZwbItf/cM7kYgt8sCRQ9BzETEOQrZ+rzXPDKMltZ37smLqN/OYTJRd0Kglglyf7WtGKsxgqtiHl2pRncQENb4V9vCW0KO3As97PugMHj7JuCw7Tm9bzqmHRlnKHK5gRaKtR9ts0Dq50JNixOrahvIwKhFPzJHJ3Lt++PWqu03CA+XXF40CKaECOL vinay-ssh",
                            "instance_details.0.launch_details.0.metadata.user_data": "IyBDb3B5cmlnaHQgKGMpIDIwMTgsIDIwMTksIE9yYWNsZSBhbmQvb3IgaXRzIGFmZmlsaWF0ZXMuIEFsbCByaWdodHMgcmVzZXJ2ZWQuCiMhL2Jpbi9iYXNoIC14CmVjaG8gJyMjIyMjIyMjIyMjIyMjIyMjIyMgd2Vic2VydmVyIHVzZXJkYXRhIGJlZ2lucyAjIyMjIyMjIyMjIyMjIyMjIyMjIyMnCnN1ZG8gdG91Y2ggfm9wYy91c2VyZGF0YS5gZGF0ZSArJXNgLnN0YXJ0CiMgZWNobyAnIyMjIyMjIyMjIyB5dW0gdXBkYXRlIGFsbCAjIyMjIyMjIyMjIyMjIyMnCiMgeXVtIHVwZGF0ZSAteQplY2hvICcjIyMjIyMjIyMjIGJhc2ljIHdlYnNlcnZlciAjIyMjIyMjIyMjIyMjIycKc3VkbyB5dW0gaW5zdGFsbCAteSB0b21jYXQKc3VkbyB5dW0gaW5zdGFsbCAteSB0b21jYXQtd2ViYXBwcyB0b21jYXQtYWRtaW4td2ViYXBwcyB0b21jYXQtZG9jcy13ZWJhcHAgdG9tY2F0LWphdmFkb2MKZWNobyAiPGJyPkhvc3Q6IiA+PiAvdXNyL3NoYXJlL3RvbWNhdC93ZWJhcHBzL3NhbXBsZS9oZWxsby5qc3AKc3VkbyBzZWQgLWkgLWUgInMvODA4MC84MDgwL2ciIC91c3Ivc2hhcmUvdG9tY2F0L2NvbmYvc2VydmVyLnhtbApob3N0bmFtZSA+PiAvdXNyL3NoYXJlL3RvbWNhdC93ZWJhcHBzL3NhbXBsZS9oZWxsby5qc3AKc3VkbyBmaXJld2FsbC1vZmZsaW5lLWNtZCAtLWFkZC1wb3J0PTgwODAvdGNwCnN1ZG8gc3lzdGVtY3RsIGVuYWJsZSAgZmlyZXdhbGxkCnN1ZG8gc3lzdGVtY3RsIHJlc3RhcnQgIGZpcmV3YWxsZApzdWRvIHN5c3RlbWN0bCBzdGFydCB0b21jYXQKc3VkbyBzeXN0ZW1jdGwgZW5hYmxlIHRvbWNhdAoKdG91Y2ggfm9wYy91c2VyZGF0YS5gZGF0ZSArJXNgLmZpbmlzaAplY2hvICcjIyMjIyMjIyMjIyMjIyMjIyMjIHdlYnNlcnZlciB1c2VyZGF0YSBlbmRzICMjIyMjIyMjIyMjIyMjIyMjIyMjIyMjJwoK",
                            "instance_details.0.launch_details.0.shape": "VM.Standard2.1",
                            "instance_details.0.launch_details.0.source_details.#": "1",
                            "instance_details.0.launch_details.0.source_details.0.boot_volume_id": "",
                            "instance_details.0.launch_details.0.source_details.0.boot_volume_size_in_gbs": "",
                            "instance_details.0.launch_details.0.source_details.0.image_id": "ocid1.image.oc1.sa-saopaulo-1.aaaaaaaacvzqswlkixoj4mmhyvxajburto5ulbicbh4pssfgqf5efmsowqga",
                            "instance_details.0.launch_details.0.source_details.0.source_type": "image",
                            "instance_details.0.secondary_vnics.#": "0",
                            "time_created": "2019-08-14 21:54:14.465 +0000 UTC"
                        },
                        "meta": {
                            "e2bfb730-ecaa-11e6-8f88-34363bc7c4c0": {
                                "create": 900000000000,
                                "delete": 900000000000,
                                "update": 900000000000
                            }
                        },
                        "tainted": false
                    },
                    "deposed": [],
                    "provider": "provider.oci"
                },
                "oci_core_instance_pool.vcn1-instance_pool": {
                    "type": "oci_core_instance_pool",
                    "depends_on": [
                        "oci_core_instance_configuration.vcn1-instance_configuration",
                        "oci_core_subnet.private_subnet1",
                        "oci_load_balancer.public-lb",
                        "oci_load_balancer_backend_set.web-lb1-bes1"
                    ],
                    "primary": {
                        "id": "ocid1.instancepool.oc1.sa-saopaulo-1.aaaaaaaarqjaartpfeaggww4kz2yd3eiqdtthuvf6ojs6yquas4g7jky3azq",
                        "attributes": {
                            "actual_size": "1",
                            "compartment_id": "ocid1.compartment.oc1..aaaaaaaa4ttil2x4vxf6nib53qiao5ly7nrnk55cdclisuxubqr77u7gumwa",
                            "defined_tags.%": "2",
                            "defined_tags.Operations.CostCenter": "w1234",
                            "defined_tags.Operations.CreatedBy": "vinay.c.rao@oracle.com",
                            "display_name": "vcn1_loadbalanced_pool",
                            "freeform_tags.%": "0",
                            "id": "ocid1.instancepool.oc1.sa-saopaulo-1.aaaaaaaarqjaartpfeaggww4kz2yd3eiqdtthuvf6ojs6yquas4g7jky3azq",
                            "instance_configuration_id": "ocid1.instanceconfiguration.oc1.sa-saopaulo-1.aaaaaaaax4yf66624gug5noii6ouekpxa2cdb3egycofug3dlrk3ttwd26qa",
                            "load_balancers.#": "1",
                            "load_balancers.0.backend_set_name": "web-lb-bes1",
                            "load_balancers.0.id": "ocid1.loadbalancerattachment.oc1.sa-saopaulo-1.aaaaaaaaeuexompq3ovem54fxsmfubehbeiv3msgxxm7dcfaqmgnadmdjz5a",
                            "load_balancers.0.instance_pool_id": "ocid1.instancepool.oc1.sa-saopaulo-1.aaaaaaaarqjaartpfeaggww4kz2yd3eiqdtthuvf6ojs6yquas4g7jky3azq",
                            "load_balancers.0.load_balancer_id": "ocid1.loadbalancer.oc1.sa-saopaulo-1.aaaaaaaaeceeozucgryrfbuemftykphxzryk6k7x56mvmei6ljihpuo3ro3q",
                            "load_balancers.0.port": "8080",
                            "load_balancers.0.state": "ATTACHED",
                            "load_balancers.0.vnic_selection": "PrimaryVnic",
                            "placement_configurations.#": "1",
                            "placement_configurations.0.availability_domain": "DtVE:SA-SAOPAULO-1-AD-1",
                            "placement_configurations.0.primary_subnet_id": "ocid1.subnet.oc1.sa-saopaulo-1.aaaaaaaafurusbd5ljegtykb6ujzpouxxc4hbvohaxzvlevycfm7rxyxd5ua",
                            "placement_configurations.0.secondary_vnic_subnets.#": "0",
                            "size": "1",
                            "state": "RUNNING",
                            "time_created": "2019-08-15 18:37:58.488 +0000 UTC"
                        },
                        "meta": {
                            "e2bfb730-ecaa-11e6-8f88-34363bc7c4c0": {
                                "create": 900000000000,
                                "delete": 900000000000,
                                "update": 900000000000
                            }
                        },
                        "tainted": false
                    },
                    "deposed": [],
                    "provider": "provider.oci"
                },
                "oci_core_internet_gateway.internetgateway1": {
                    "type": "oci_core_internet_gateway",
                    "depends_on": [
                        "oci_core_vcn.vcn1"
                    ],
                    "primary": {
                        "id": "ocid1.internetgateway.oc1.sa-saopaulo-1.aaaaaaaaxenurncgia3tj6camcclopixepq7vh3i3tflh6gcjyevudfru5dq",
                        "attributes": {
                            "compartment_id": "ocid1.compartment.oc1..aaaaaaaa4ttil2x4vxf6nib53qiao5ly7nrnk55cdclisuxubqr77u7gumwa",
                            "defined_tags.%": "2",
                            "defined_tags.Operations.CostCenter": "w1234",
                            "defined_tags.Operations.CreatedBy": "vinay.c.rao@oracle.com",
                            "display_name": "internetgateway1",
                            "enabled": "true",
                            "freeform_tags.%": "0",
                            "id": "ocid1.internetgateway.oc1.sa-saopaulo-1.aaaaaaaaxenurncgia3tj6camcclopixepq7vh3i3tflh6gcjyevudfru5dq",
                            "state": "AVAILABLE",
                            "time_created": "2019-08-14 21:54:12.197 +0000 UTC",
                            "vcn_id": "ocid1.vcn.oc1.sa-saopaulo-1.aaaaaaaawzlnx6d2ikagdki2kpt2vxqbqixuucu7ory2y5hpswyptpwjca2q"
                        },
                        "meta": {
                            "e2bfb730-ecaa-11e6-8f88-34363bc7c4c0": {
                                "create": 900000000000,
                                "delete": 900000000000,
                                "update": 900000000000
                            }
                        },
                        "tainted": false
                    },
                    "deposed": [],
                    "provider": "provider.oci"
                },
                "oci_core_local_peering_gateway.vcn1_lpg": {
                    "type": "oci_core_local_peering_gateway",
                    "depends_on": [
                        "oci_core_vcn.vcn1"
                    ],
                    "primary": {
                        "id": "ocid1.localpeeringgateway.oc1.sa-saopaulo-1.aaaaaaaab3uhajj7ylbinadmwgvnw7gahosunafdfswnzwip4rfg7nf5c3ja",
                        "attributes": {
                            "compartment_id": "ocid1.compartment.oc1..aaaaaaaa4ttil2x4vxf6nib53qiao5ly7nrnk55cdclisuxubqr77u7gumwa",
                            "defined_tags.%": "2",
                            "defined_tags.Operations.CostCenter": "w1234",
                            "defined_tags.Operations.CreatedBy": "vinay.c.rao@oracle.com",
                            "display_name": "vcn1-lpg",
                            "freeform_tags.%": "0",
                            "id": "ocid1.localpeeringgateway.oc1.sa-saopaulo-1.aaaaaaaab3uhajj7ylbinadmwgvnw7gahosunafdfswnzwip4rfg7nf5c3ja",
                            "is_cross_tenancy_peering": "false",
                            "peer_advertised_cidr": "10.2.0.0/16",
                            "peer_advertised_cidr_details.#": "1",
                            "peer_advertised_cidr_details.0": "10.2.0.0/16",
                            "peering_status": "PEERED",
                            "peering_status_details": "Connected to a peer.",
                            "state": "AVAILABLE",
                            "time_created": "2019-08-14 21:54:13.306 +0000 UTC",
                            "vcn_id": "ocid1.vcn.oc1.sa-saopaulo-1.aaaaaaaawzlnx6d2ikagdki2kpt2vxqbqixuucu7ory2y5hpswyptpwjca2q"
                        },
                        "meta": {
                            "e2bfb730-ecaa-11e6-8f88-34363bc7c4c0": {
                                "create": 900000000000,
                                "delete": 900000000000,
                                "update": 900000000000
                            }
                        },
                        "tainted": false
                    },
                    "deposed": [],
                    "provider": "provider.oci"
                },
                "oci_core_local_peering_gateway.vcn2_lpg": {
                    "type": "oci_core_local_peering_gateway",
                    "depends_on": [
                        "oci_core_local_peering_gateway.vcn1_lpg",
                        "oci_core_vcn.vcn2"
                    ],
                    "primary": {
                        "id": "ocid1.localpeeringgateway.oc1.sa-saopaulo-1.aaaaaaaaguwxzstyq2v3nuekfvvakk22rdkycczjrmyfsegrwthcvt4k5fwq",
                        "attributes": {
                            "compartment_id": "ocid1.compartment.oc1..aaaaaaaa4ttil2x4vxf6nib53qiao5ly7nrnk55cdclisuxubqr77u7gumwa",
                            "defined_tags.%": "2",
                            "defined_tags.Operations.CostCenter": "w1234",
                            "defined_tags.Operations.CreatedBy": "vinay.c.rao@oracle.com",
                            "display_name": "vcn2-lpg",
                            "freeform_tags.%": "0",
                            "id": "ocid1.localpeeringgateway.oc1.sa-saopaulo-1.aaaaaaaaguwxzstyq2v3nuekfvvakk22rdkycczjrmyfsegrwthcvt4k5fwq",
                            "is_cross_tenancy_peering": "false",
                            "peer_advertised_cidr": "10.1.0.0/16",
                            "peer_advertised_cidr_details.#": "1",
                            "peer_advertised_cidr_details.0": "10.1.0.0/16",
                            "peer_id": "ocid1.localpeeringgateway.oc1.sa-saopaulo-1.aaaaaaaab3uhajj7ylbinadmwgvnw7gahosunafdfswnzwip4rfg7nf5c3ja",
                            "peering_status": "PEERED",
                            "peering_status_details": "Connected to a peer.",
                            "state": "AVAILABLE",
                            "time_created": "2019-08-14 21:54:14.23 +0000 UTC",
                            "vcn_id": "ocid1.vcn.oc1.sa-saopaulo-1.aaaaaaaasgzw5yaop7jev2tmh6oihcx2fgrzolevpf3xr6aiuqah7xndagwa"
                        },
                        "meta": {
                            "e2bfb730-ecaa-11e6-8f88-34363bc7c4c0": {
                                "create": 900000000000,
                                "delete": 900000000000,
                                "update": 900000000000
                            }
                        },
                        "tainted": false
                    },
                    "deposed": [],
                    "provider": "provider.oci"
                },
                "oci_core_nat_gateway.natgateway1": {
                    "type": "oci_core_nat_gateway",
                    "depends_on": [
                        "oci_core_vcn.vcn1"
                    ],
                    "primary": {
                        "id": "ocid1.natgateway.oc1.sa-saopaulo-1.aaaaaaaanw63f3z3xvfnir5nu6bthvcja6webgpx2z5ysip7vlvljg437rqa",
                        "attributes": {
                            "block_traffic": "false",
                            "compartment_id": "ocid1.compartment.oc1..aaaaaaaa4ttil2x4vxf6nib53qiao5ly7nrnk55cdclisuxubqr77u7gumwa",
                            "defined_tags.%": "2",
                            "defined_tags.Operations.CostCenter": "w1234",
                            "defined_tags.Operations.CreatedBy": "vinay.c.rao@oracle.com",
                            "display_name": "natgateway1",
                            "freeform_tags.%": "0",
                            "id": "ocid1.natgateway.oc1.sa-saopaulo-1.aaaaaaaanw63f3z3xvfnir5nu6bthvcja6webgpx2z5ysip7vlvljg437rqa",
                            "nat_ip": "140.238.176.203",
                            "state": "AVAILABLE",
                            "time_created": "2019-08-14 21:54:12.91 +0000 UTC",
                            "vcn_id": "ocid1.vcn.oc1.sa-saopaulo-1.aaaaaaaawzlnx6d2ikagdki2kpt2vxqbqixuucu7ory2y5hpswyptpwjca2q"
                        },
                        "meta": {
                            "e2bfb730-ecaa-11e6-8f88-34363bc7c4c0": {
                                "create": 900000000000,
                                "delete": 900000000000,
                                "update": 900000000000
                            }
                        },
                        "tainted": false
                    },
                    "deposed": [],
                    "provider": "provider.oci"
                },
                "oci_core_route_table.private_routetable1": {
                    "type": "oci_core_route_table",
                    "depends_on": [
                        "data.oci_core_services.test_services",
                        "oci_core_local_peering_gateway.vcn1_lpg",
                        "oci_core_nat_gateway.natgateway1",
                        "oci_core_service_gateway.service_gateway",
                        "oci_core_vcn.vcn1",
                        "oci_core_vcn.vcn2"
                    ],
                    "primary": {
                        "id": "ocid1.routetable.oc1.sa-saopaulo-1.aaaaaaaasvdfxpuvrme47cblkr5djqvnxvm7qawkeptitqlcxq5t7sabckuq",
                        "attributes": {
                            "compartment_id": "ocid1.compartment.oc1..aaaaaaaa4ttil2x4vxf6nib53qiao5ly7nrnk55cdclisuxubqr77u7gumwa",
                            "defined_tags.%": "2",
                            "defined_tags.Operations.CostCenter": "w1234",
                            "defined_tags.Operations.CreatedBy": "vinay.c.rao@oracle.com",
                            "display_name": "private_routetable1",
                            "freeform_tags.%": "0",
                            "id": "ocid1.routetable.oc1.sa-saopaulo-1.aaaaaaaasvdfxpuvrme47cblkr5djqvnxvm7qawkeptitqlcxq5t7sabckuq",
                            "route_rules.#": "3",
                            "route_rules.1033910873.cidr_block": "",
                            "route_rules.1033910873.destination": "oci-gru-objectstorage",
                            "route_rules.1033910873.destination_type": "SERVICE_CIDR_BLOCK",
                            "route_rules.1033910873.network_entity_id": "ocid1.servicegateway.oc1.sa-saopaulo-1.aaaaaaaal7hyhnv6mgbmrpj563xg7ixfsbiye2ho32nqc3ezvcvvu7r234qa",
                            "route_rules.3957141872.cidr_block": "",
                            "route_rules.3957141872.destination": "0.0.0.0/0",
                            "route_rules.3957141872.destination_type": "CIDR_BLOCK",
                            "route_rules.3957141872.network_entity_id": "ocid1.natgateway.oc1.sa-saopaulo-1.aaaaaaaanw63f3z3xvfnir5nu6bthvcja6webgpx2z5ysip7vlvljg437rqa",
                            "route_rules.657738003.cidr_block": "",
                            "route_rules.657738003.destination": "10.2.0.0/16",
                            "route_rules.657738003.destination_type": "CIDR_BLOCK",
                            "route_rules.657738003.network_entity_id": "ocid1.localpeeringgateway.oc1.sa-saopaulo-1.aaaaaaaab3uhajj7ylbinadmwgvnw7gahosunafdfswnzwip4rfg7nf5c3ja",
                            "state": "AVAILABLE",
                            "time_created": "2019-08-14 21:54:14.942 +0000 UTC",
                            "vcn_id": "ocid1.vcn.oc1.sa-saopaulo-1.aaaaaaaawzlnx6d2ikagdki2kpt2vxqbqixuucu7ory2y5hpswyptpwjca2q"
                        },
                        "meta": {
                            "e2bfb730-ecaa-11e6-8f88-34363bc7c4c0": {
                                "create": 900000000000,
                                "delete": 900000000000,
                                "update": 900000000000
                            }
                        },
                        "tainted": false
                    },
                    "deposed": [],
                    "provider": "provider.oci"
                },
                "oci_core_route_table.private_routetable2": {
                    "type": "oci_core_route_table",
                    "depends_on": [
                        "oci_core_local_peering_gateway.vcn2_lpg",
                        "oci_core_vcn.vcn2"
                    ],
                    "primary": {
                        "id": "ocid1.routetable.oc1.sa-saopaulo-1.aaaaaaaan62azc7brcsko7vn5yespfzfxurwhm664fgnvl3ddm43ft57wvfq",
                        "attributes": {
                            "compartment_id": "ocid1.compartment.oc1..aaaaaaaa4ttil2x4vxf6nib53qiao5ly7nrnk55cdclisuxubqr77u7gumwa",
                            "defined_tags.%": "2",
                            "defined_tags.Operations.CostCenter": "w1234",
                            "defined_tags.Operations.CreatedBy": "vinay.c.rao@oracle.com",
                            "display_name": "private_routetable1",
                            "freeform_tags.%": "0",
                            "id": "ocid1.routetable.oc1.sa-saopaulo-1.aaaaaaaan62azc7brcsko7vn5yespfzfxurwhm664fgnvl3ddm43ft57wvfq",
                            "route_rules.#": "1",
                            "route_rules.3975209123.cidr_block": "",
                            "route_rules.3975209123.destination": "0.0.0.0/0",
                            "route_rules.3975209123.destination_type": "CIDR_BLOCK",
                            "route_rules.3975209123.network_entity_id": "ocid1.localpeeringgateway.oc1.sa-saopaulo-1.aaaaaaaaguwxzstyq2v3nuekfvvakk22rdkycczjrmyfsegrwthcvt4k5fwq",
                            "state": "AVAILABLE",
                            "time_created": "2019-08-14 21:54:17.833 +0000 UTC",
                            "vcn_id": "ocid1.vcn.oc1.sa-saopaulo-1.aaaaaaaasgzw5yaop7jev2tmh6oihcx2fgrzolevpf3xr6aiuqah7xndagwa"
                        },
                        "meta": {
                            "e2bfb730-ecaa-11e6-8f88-34363bc7c4c0": {
                                "create": 900000000000,
                                "delete": 900000000000,
                                "update": 900000000000
                            }
                        },
                        "tainted": false
                    },
                    "deposed": [],
                    "provider": "provider.oci"
                },
                "oci_core_route_table.public_routetable1": {
                    "type": "oci_core_route_table",
                    "depends_on": [
                        "oci_core_internet_gateway.internetgateway1",
                        "oci_core_vcn.vcn1"
                    ],
                    "primary": {
                        "id": "ocid1.routetable.oc1.sa-saopaulo-1.aaaaaaaai4tmgdmjhamovnapve5l55ulf2mviovnjtoi6pcc6n74klmaujsq",
                        "attributes": {
                            "compartment_id": "ocid1.compartment.oc1..aaaaaaaa4ttil2x4vxf6nib53qiao5ly7nrnk55cdclisuxubqr77u7gumwa",
                            "defined_tags.%": "2",
                            "defined_tags.Operations.CostCenter": "w1234",
                            "defined_tags.Operations.CreatedBy": "vinay.c.rao@oracle.com",
                            "display_name": "public_routetable1",
                            "freeform_tags.%": "0",
                            "id": "ocid1.routetable.oc1.sa-saopaulo-1.aaaaaaaai4tmgdmjhamovnapve5l55ulf2mviovnjtoi6pcc6n74klmaujsq",
                            "route_rules.#": "1",
                            "route_rules.2254286483.cidr_block": "",
                            "route_rules.2254286483.destination": "0.0.0.0/0",
                            "route_rules.2254286483.destination_type": "CIDR_BLOCK",
                            "route_rules.2254286483.network_entity_id": "ocid1.internetgateway.oc1.sa-saopaulo-1.aaaaaaaaxenurncgia3tj6camcclopixepq7vh3i3tflh6gcjyevudfru5dq",
                            "state": "AVAILABLE",
                            "time_created": "2019-08-14 21:54:13.722 +0000 UTC",
                            "vcn_id": "ocid1.vcn.oc1.sa-saopaulo-1.aaaaaaaawzlnx6d2ikagdki2kpt2vxqbqixuucu7ory2y5hpswyptpwjca2q"
                        },
                        "meta": {
                            "e2bfb730-ecaa-11e6-8f88-34363bc7c4c0": {
                                "create": 900000000000,
                                "delete": 900000000000,
                                "update": 900000000000
                            }
                        },
                        "tainted": false
                    },
                    "deposed": [],
                    "provider": "provider.oci"
                },
                "oci_core_security_list.private-securitylist": {
                    "type": "oci_core_security_list",
                    "depends_on": [
                        "oci_core_subnet.public_subnet1",
                        "oci_core_vcn.vcn1"
                    ],
                    "primary": {
                        "id": "ocid1.securitylist.oc1.sa-saopaulo-1.aaaaaaaax6g6d6bj66dd73umi4f3z67pits5m5aindawiubdgp5upv4ms7ba",
                        "attributes": {
                            "compartment_id": "ocid1.compartment.oc1..aaaaaaaa4ttil2x4vxf6nib53qiao5ly7nrnk55cdclisuxubqr77u7gumwa",
                            "defined_tags.%": "2",
                            "defined_tags.Operations.CostCenter": "w1234",
                            "defined_tags.Operations.CreatedBy": "vinay.c.rao@oracle.com",
                            "display_name": "private",
                            "egress_security_rules.#": "1",
                            "egress_security_rules.1582479153.destination": "0.0.0.0/0",
                            "egress_security_rules.1582479153.destination_type": "CIDR_BLOCK",
                            "egress_security_rules.1582479153.icmp_options.#": "0",
                            "egress_security_rules.1582479153.protocol": "all",
                            "egress_security_rules.1582479153.stateless": "false",
                            "egress_security_rules.1582479153.tcp_options.#": "0",
                            "egress_security_rules.1582479153.udp_options.#": "0",
                            "freeform_tags.%": "0",
                            "id": "ocid1.securitylist.oc1.sa-saopaulo-1.aaaaaaaax6g6d6bj66dd73umi4f3z67pits5m5aindawiubdgp5upv4ms7ba",
                            "ingress_security_rules.#": "6",
                            "ingress_security_rules.1116762255.icmp_options.#": "0",
                            "ingress_security_rules.1116762255.protocol": "6",
                            "ingress_security_rules.1116762255.source": "10.1.20.0/24",
                            "ingress_security_rules.1116762255.source_type": "CIDR_BLOCK",
                            "ingress_security_rules.1116762255.stateless": "false",
                            "ingress_security_rules.1116762255.tcp_options.#": "1",
                            "ingress_security_rules.1116762255.tcp_options.0.max": "443",
                            "ingress_security_rules.1116762255.tcp_options.0.min": "443",
                            "ingress_security_rules.1116762255.tcp_options.0.source_port_range.#": "0",
                            "ingress_security_rules.1116762255.udp_options.#": "0",
                            "ingress_security_rules.2400917821.icmp_options.#": "0",
                            "ingress_security_rules.2400917821.protocol": "6",
                            "ingress_security_rules.2400917821.source": "0.0.0.0/0",
                            "ingress_security_rules.2400917821.source_type": "CIDR_BLOCK",
                            "ingress_security_rules.2400917821.stateless": "false",
                            "ingress_security_rules.2400917821.tcp_options.#": "1",
                            "ingress_security_rules.2400917821.tcp_options.0.max": "8008",
                            "ingress_security_rules.2400917821.tcp_options.0.min": "8008",
                            "ingress_security_rules.2400917821.tcp_options.0.source_port_range.#": "0",
                            "ingress_security_rules.2400917821.udp_options.#": "0",
                            "ingress_security_rules.2809697698.icmp_options.#": "0",
                            "ingress_security_rules.2809697698.protocol": "6",
                            "ingress_security_rules.2809697698.source": "10.1.20.0/24",
                            "ingress_security_rules.2809697698.source_type": "CIDR_BLOCK",
                            "ingress_security_rules.2809697698.stateless": "false",
                            "ingress_security_rules.2809697698.tcp_options.#": "1",
                            "ingress_security_rules.2809697698.tcp_options.0.max": "80",
                            "ingress_security_rules.2809697698.tcp_options.0.min": "80",
                            "ingress_security_rules.2809697698.tcp_options.0.source_port_range.#": "0",
                            "ingress_security_rules.2809697698.udp_options.#": "0",
                            "ingress_security_rules.3265064876.icmp_options.#": "0",
                            "ingress_security_rules.3265064876.protocol": "6",
                            "ingress_security_rules.3265064876.source": "10.1.20.0/24",
                            "ingress_security_rules.3265064876.source_type": "CIDR_BLOCK",
                            "ingress_security_rules.3265064876.stateless": "false",
                            "ingress_security_rules.3265064876.tcp_options.#": "1",
                            "ingress_security_rules.3265064876.tcp_options.0.max": "8080",
                            "ingress_security_rules.3265064876.tcp_options.0.min": "8080",
                            "ingress_security_rules.3265064876.tcp_options.0.source_port_range.#": "0",
                            "ingress_security_rules.3265064876.udp_options.#": "0",
                            "ingress_security_rules.47193274.icmp_options.#": "0",
                            "ingress_security_rules.47193274.protocol": "6",
                            "ingress_security_rules.47193274.source": "0.0.0.0/0",
                            "ingress_security_rules.47193274.source_type": "CIDR_BLOCK",
                            "ingress_security_rules.47193274.stateless": "false",
                            "ingress_security_rules.47193274.tcp_options.#": "1",
                            "ingress_security_rules.47193274.tcp_options.0.max": "22",
                            "ingress_security_rules.47193274.tcp_options.0.min": "22",
                            "ingress_security_rules.47193274.tcp_options.0.source_port_range.#": "0",
                            "ingress_security_rules.47193274.udp_options.#": "0",
                            "ingress_security_rules.813114312.icmp_options.#": "0",
                            "ingress_security_rules.813114312.protocol": "6",
                            "ingress_security_rules.813114312.source": "0.0.0.0/0",
                            "ingress_security_rules.813114312.source_type": "CIDR_BLOCK",
                            "ingress_security_rules.813114312.stateless": "false",
                            "ingress_security_rules.813114312.tcp_options.#": "1",
                            "ingress_security_rules.813114312.tcp_options.0.max": "8009",
                            "ingress_security_rules.813114312.tcp_options.0.min": "8009",
                            "ingress_security_rules.813114312.tcp_options.0.source_port_range.#": "0",
                            "ingress_security_rules.813114312.udp_options.#": "0",
                            "state": "AVAILABLE",
                            "time_created": "2019-08-14 21:54:16.249 +0000 UTC",
                            "vcn_id": "ocid1.vcn.oc1.sa-saopaulo-1.aaaaaaaawzlnx6d2ikagdki2kpt2vxqbqixuucu7ory2y5hpswyptpwjca2q"
                        },
                        "meta": {
                            "e2bfb730-ecaa-11e6-8f88-34363bc7c4c0": {
                                "create": 900000000000,
                                "delete": 900000000000,
                                "update": 900000000000
                            }
                        },
                        "tainted": false
                    },
                    "deposed": [],
                    "provider": "provider.oci"
                },
                "oci_core_security_list.private-securitylist2": {
                    "type": "oci_core_security_list",
                    "depends_on": [
                        "oci_core_vcn.vcn1",
                        "oci_core_vcn.vcn2"
                    ],
                    "primary": {
                        "id": "ocid1.securitylist.oc1.sa-saopaulo-1.aaaaaaaalczagtaadxxuc5eht6a423lekk7l4wnfy46iibpu42htc3d5j4ra",
                        "attributes": {
                            "compartment_id": "ocid1.compartment.oc1..aaaaaaaa4ttil2x4vxf6nib53qiao5ly7nrnk55cdclisuxubqr77u7gumwa",
                            "defined_tags.%": "2",
                            "defined_tags.Operations.CostCenter": "w1234",
                            "defined_tags.Operations.CreatedBy": "vinay.c.rao@oracle.com",
                            "display_name": "private",
                            "egress_security_rules.#": "1",
                            "egress_security_rules.1582479153.destination": "0.0.0.0/0",
                            "egress_security_rules.1582479153.destination_type": "CIDR_BLOCK",
                            "egress_security_rules.1582479153.icmp_options.#": "0",
                            "egress_security_rules.1582479153.protocol": "all",
                            "egress_security_rules.1582479153.stateless": "false",
                            "egress_security_rules.1582479153.tcp_options.#": "0",
                            "egress_security_rules.1582479153.udp_options.#": "0",
                            "freeform_tags.%": "0",
                            "id": "ocid1.securitylist.oc1.sa-saopaulo-1.aaaaaaaalczagtaadxxuc5eht6a423lekk7l4wnfy46iibpu42htc3d5j4ra",
                            "ingress_security_rules.#": "1",
                            "ingress_security_rules.2603585682.icmp_options.#": "0",
                            "ingress_security_rules.2603585682.protocol": "all",
                            "ingress_security_rules.2603585682.source": "10.1.0.0/16",
                            "ingress_security_rules.2603585682.source_type": "CIDR_BLOCK",
                            "ingress_security_rules.2603585682.stateless": "false",
                            "ingress_security_rules.2603585682.tcp_options.#": "0",
                            "ingress_security_rules.2603585682.udp_options.#": "0",
                            "state": "AVAILABLE",
                            "time_created": "2019-08-14 21:54:12.72 +0000 UTC",
                            "vcn_id": "ocid1.vcn.oc1.sa-saopaulo-1.aaaaaaaasgzw5yaop7jev2tmh6oihcx2fgrzolevpf3xr6aiuqah7xndagwa"
                        },
                        "meta": {
                            "e2bfb730-ecaa-11e6-8f88-34363bc7c4c0": {
                                "create": 900000000000,
                                "delete": 900000000000,
                                "update": 900000000000
                            }
                        },
                        "tainted": false
                    },
                    "deposed": [],
                    "provider": "provider.oci"
                },
                "oci_core_security_list.public-securitylist": {
                    "type": "oci_core_security_list",
                    "depends_on": [
                        "oci_core_vcn.vcn1"
                    ],
                    "primary": {
                        "id": "ocid1.securitylist.oc1.sa-saopaulo-1.aaaaaaaapcd6qygkwvilqkcbzikp3ybx3othhdqzxhmezko3xzmu5asjwirq",
                        "attributes": {
                            "compartment_id": "ocid1.compartment.oc1..aaaaaaaa4ttil2x4vxf6nib53qiao5ly7nrnk55cdclisuxubqr77u7gumwa",
                            "defined_tags.%": "2",
                            "defined_tags.Operations.CostCenter": "w1234",
                            "defined_tags.Operations.CreatedBy": "vinay.c.rao@oracle.com",
                            "display_name": "public",
                            "egress_security_rules.#": "1",
                            "egress_security_rules.1582479153.destination": "0.0.0.0/0",
                            "egress_security_rules.1582479153.destination_type": "CIDR_BLOCK",
                            "egress_security_rules.1582479153.icmp_options.#": "0",
                            "egress_security_rules.1582479153.protocol": "all",
                            "egress_security_rules.1582479153.stateless": "false",
                            "egress_security_rules.1582479153.tcp_options.#": "0",
                            "egress_security_rules.1582479153.udp_options.#": "0",
                            "freeform_tags.%": "0",
                            "id": "ocid1.securitylist.oc1.sa-saopaulo-1.aaaaaaaapcd6qygkwvilqkcbzikp3ybx3othhdqzxhmezko3xzmu5asjwirq",
                            "ingress_security_rules.#": "5",
                            "ingress_security_rules.2986978097.icmp_options.#": "0",
                            "ingress_security_rules.2986978097.protocol": "6",
                            "ingress_security_rules.2986978097.source": "0.0.0.0/0",
                            "ingress_security_rules.2986978097.source_type": "CIDR_BLOCK",
                            "ingress_security_rules.2986978097.stateless": "false",
                            "ingress_security_rules.2986978097.tcp_options.#": "1",
                            "ingress_security_rules.2986978097.tcp_options.0.max": "443",
                            "ingress_security_rules.2986978097.tcp_options.0.min": "443",
                            "ingress_security_rules.2986978097.tcp_options.0.source_port_range.#": "0",
                            "ingress_security_rules.2986978097.udp_options.#": "0",
                            "ingress_security_rules.3861548008.icmp_options.#": "0",
                            "ingress_security_rules.3861548008.protocol": "6",
                            "ingress_security_rules.3861548008.source": "0.0.0.0/0",
                            "ingress_security_rules.3861548008.source_type": "CIDR_BLOCK",
                            "ingress_security_rules.3861548008.stateless": "false",
                            "ingress_security_rules.3861548008.tcp_options.#": "1",
                            "ingress_security_rules.3861548008.tcp_options.0.max": "80",
                            "ingress_security_rules.3861548008.tcp_options.0.min": "80",
                            "ingress_security_rules.3861548008.tcp_options.0.source_port_range.#": "0",
                            "ingress_security_rules.3861548008.udp_options.#": "0",
                            "ingress_security_rules.4033276738.icmp_options.#": "0",
                            "ingress_security_rules.4033276738.protocol": "6",
                            "ingress_security_rules.4033276738.source": "0.0.0.0/0",
                            "ingress_security_rules.4033276738.source_type": "CIDR_BLOCK",
                            "ingress_security_rules.4033276738.stateless": "false",
                            "ingress_security_rules.4033276738.tcp_options.#": "1",
                            "ingress_security_rules.4033276738.tcp_options.0.max": "99",
                            "ingress_security_rules.4033276738.tcp_options.0.min": "99",
                            "ingress_security_rules.4033276738.tcp_options.0.source_port_range.#": "0",
                            "ingress_security_rules.4033276738.udp_options.#": "0",
                            "ingress_security_rules.47193274.icmp_options.#": "0",
                            "ingress_security_rules.47193274.protocol": "6",
                            "ingress_security_rules.47193274.source": "0.0.0.0/0",
                            "ingress_security_rules.47193274.source_type": "CIDR_BLOCK",
                            "ingress_security_rules.47193274.stateless": "false",
                            "ingress_security_rules.47193274.tcp_options.#": "1",
                            "ingress_security_rules.47193274.tcp_options.0.max": "22",
                            "ingress_security_rules.47193274.tcp_options.0.min": "22",
                            "ingress_security_rules.47193274.tcp_options.0.source_port_range.#": "0",
                            "ingress_security_rules.47193274.udp_options.#": "0",
                            "ingress_security_rules.511920673.icmp_options.#": "0",
                            "ingress_security_rules.511920673.protocol": "6",
                            "ingress_security_rules.511920673.source": "0.0.0.0/0",
                            "ingress_security_rules.511920673.source_type": "CIDR_BLOCK",
                            "ingress_security_rules.511920673.stateless": "false",
                            "ingress_security_rules.511920673.tcp_options.#": "1",
                            "ingress_security_rules.511920673.tcp_options.0.max": "88",
                            "ingress_security_rules.511920673.tcp_options.0.min": "88",
                            "ingress_security_rules.511920673.tcp_options.0.source_port_range.#": "0",
                            "ingress_security_rules.511920673.udp_options.#": "0",
                            "state": "AVAILABLE",
                            "time_created": "2019-08-14 21:54:13.235 +0000 UTC",
                            "vcn_id": "ocid1.vcn.oc1.sa-saopaulo-1.aaaaaaaawzlnx6d2ikagdki2kpt2vxqbqixuucu7ory2y5hpswyptpwjca2q"
                        },
                        "meta": {
                            "e2bfb730-ecaa-11e6-8f88-34363bc7c4c0": {
                                "create": 900000000000,
                                "delete": 900000000000,
                                "update": 900000000000
                            }
                        },
                        "tainted": false
                    },
                    "deposed": [],
                    "provider": "provider.oci"
                },
                "oci_core_service_gateway.service_gateway": {
                    "type": "oci_core_service_gateway",
                    "depends_on": [
                        "data.oci_core_services.test_services",
                        "oci_core_vcn.vcn1"
                    ],
                    "primary": {
                        "id": "ocid1.servicegateway.oc1.sa-saopaulo-1.aaaaaaaal7hyhnv6mgbmrpj563xg7ixfsbiye2ho32nqc3ezvcvvu7r234qa",
                        "attributes": {
                            "block_traffic": "false",
                            "compartment_id": "ocid1.compartment.oc1..aaaaaaaa4ttil2x4vxf6nib53qiao5ly7nrnk55cdclisuxubqr77u7gumwa",
                            "defined_tags.%": "2",
                            "defined_tags.Operations.CostCenter": "w1234",
                            "defined_tags.Operations.CreatedBy": "vinay.c.rao@oracle.com",
                            "display_name": "servicegateway20190814215413",
                            "freeform_tags.%": "0",
                            "id": "ocid1.servicegateway.oc1.sa-saopaulo-1.aaaaaaaal7hyhnv6mgbmrpj563xg7ixfsbiye2ho32nqc3ezvcvvu7r234qa",
                            "services.#": "1",
                            "services.3937644911.service_id": "ocid1.service.oc1.sa-saopaulo-1.aaaaaaaalrthnhiysrsux6lnhougwb2wvq37bd2tpf2au4ieahtg57zw7ura",
                            "services.3937644911.service_name": "OCI GRU Object Storage",
                            "state": "AVAILABLE",
                            "time_created": "2019-08-14 21:54:13.797 +0000 UTC",
                            "vcn_id": "ocid1.vcn.oc1.sa-saopaulo-1.aaaaaaaawzlnx6d2ikagdki2kpt2vxqbqixuucu7ory2y5hpswyptpwjca2q"
                        },
                        "meta": {
                            "e2bfb730-ecaa-11e6-8f88-34363bc7c4c0": {
                                "create": 900000000000,
                                "delete": 900000000000,
                                "update": 900000000000
                            }
                        },
                        "tainted": false
                    },
                    "deposed": [],
                    "provider": "provider.oci"
                },
                "oci_core_subnet.private_subnet1": {
                    "type": "oci_core_subnet",
                    "depends_on": [
                        "oci_core_route_table.private_routetable1",
                        "oci_core_security_list.private-securitylist",
                        "oci_core_security_list.public-securitylist",
                        "oci_core_vcn.vcn1"
                    ],
                    "primary": {
                        "id": "ocid1.subnet.oc1.sa-saopaulo-1.aaaaaaaafurusbd5ljegtykb6ujzpouxxc4hbvohaxzvlevycfm7rxyxd5ua",
                        "attributes": {
                            "cidr_block": "10.1.22.0/24",
                            "compartment_id": "ocid1.compartment.oc1..aaaaaaaa4ttil2x4vxf6nib53qiao5ly7nrnk55cdclisuxubqr77u7gumwa",
                            "defined_tags.%": "2",
                            "defined_tags.Operations.CostCenter": "w1234",
                            "defined_tags.Operations.CreatedBy": "vinay.c.rao@oracle.com",
                            "dhcp_options_id": "ocid1.dhcpoptions.oc1.sa-saopaulo-1.aaaaaaaamp2cmvczm6nomzbjgqpfvdo6tp3qk6m5rel4xdrtvhelpdkka5ia",
                            "display_name": "private_subnet1",
                            "dns_label": "privatesubnet1",
                            "freeform_tags.%": "0",
                            "id": "ocid1.subnet.oc1.sa-saopaulo-1.aaaaaaaafurusbd5ljegtykb6ujzpouxxc4hbvohaxzvlevycfm7rxyxd5ua",
                            "prohibit_public_ip_on_vnic": "false",
                            "route_table_id": "ocid1.routetable.oc1.sa-saopaulo-1.aaaaaaaasvdfxpuvrme47cblkr5djqvnxvm7qawkeptitqlcxq5t7sabckuq",
                            "security_list_ids.#": "1",
                            "security_list_ids.2778228451": "ocid1.securitylist.oc1.sa-saopaulo-1.aaaaaaaax6g6d6bj66dd73umi4f3z67pits5m5aindawiubdgp5upv4ms7ba",
                            "state": "AVAILABLE",
                            "subnet_domain_name": "privatesubnet1.vcn1.oraclevcn.com",
                            "time_created": "2019-08-14 21:54:17.18 +0000 UTC",
                            "vcn_id": "ocid1.vcn.oc1.sa-saopaulo-1.aaaaaaaawzlnx6d2ikagdki2kpt2vxqbqixuucu7ory2y5hpswyptpwjca2q",
                            "virtual_router_ip": "10.1.22.1",
                            "virtual_router_mac": "00:00:17:2C:5C:DB"
                        },
                        "meta": {
                            "e2bfb730-ecaa-11e6-8f88-34363bc7c4c0": {
                                "create": 900000000000,
                                "delete": 900000000000,
                                "update": 900000000000
                            }
                        },
                        "tainted": false
                    },
                    "deposed": [],
                    "provider": "provider.oci"
                },
                "oci_core_subnet.private_subnet2": {
                    "type": "oci_core_subnet",
                    "depends_on": [
                        "oci_core_route_table.private_routetable2",
                        "oci_core_security_list.private-securitylist2",
                        "oci_core_vcn.vcn2"
                    ],
                    "primary": {
                        "id": "ocid1.subnet.oc1.sa-saopaulo-1.aaaaaaaaztle7rzku5lty4ic5mmnce2yvpobt6h6nv4wsarygi45tcmqdm3q",
                        "attributes": {
                            "availability_domain": "DtVE:SA-SAOPAULO-1-AD-1",
                            "cidr_block": "10.2.22.0/24",
                            "compartment_id": "ocid1.compartment.oc1..aaaaaaaa4ttil2x4vxf6nib53qiao5ly7nrnk55cdclisuxubqr77u7gumwa",
                            "defined_tags.%": "2",
                            "defined_tags.Operations.CostCenter": "w1234",
                            "defined_tags.Operations.CreatedBy": "vinay.c.rao@oracle.com",
                            "dhcp_options_id": "ocid1.dhcpoptions.oc1.sa-saopaulo-1.aaaaaaaayjyzpxbbfrt3lqgp7kyjrayleizfhnurtd2nv4mjcjbbf53beoua",
                            "display_name": "private_subnet2",
                            "dns_label": "privatesubnet2",
                            "freeform_tags.%": "0",
                            "id": "ocid1.subnet.oc1.sa-saopaulo-1.aaaaaaaaztle7rzku5lty4ic5mmnce2yvpobt6h6nv4wsarygi45tcmqdm3q",
                            "prohibit_public_ip_on_vnic": "false",
                            "route_table_id": "ocid1.routetable.oc1.sa-saopaulo-1.aaaaaaaan62azc7brcsko7vn5yespfzfxurwhm664fgnvl3ddm43ft57wvfq",
                            "security_list_ids.#": "1",
                            "security_list_ids.4136393076": "ocid1.securitylist.oc1.sa-saopaulo-1.aaaaaaaalczagtaadxxuc5eht6a423lekk7l4wnfy46iibpu42htc3d5j4ra",
                            "state": "AVAILABLE",
                            "subnet_domain_name": "privatesubnet2.vcn2.oraclevcn.com",
                            "time_created": "2019-08-15 18:37:57.738 +0000 UTC",
                            "vcn_id": "ocid1.vcn.oc1.sa-saopaulo-1.aaaaaaaasgzw5yaop7jev2tmh6oihcx2fgrzolevpf3xr6aiuqah7xndagwa",
                            "virtual_router_ip": "10.2.22.1",
                            "virtual_router_mac": "00:00:17:1B:0F:41"
                        },
                        "meta": {
                            "e2bfb730-ecaa-11e6-8f88-34363bc7c4c0": {
                                "create": 900000000000,
                                "delete": 900000000000,
                                "update": 900000000000
                            }
                        },
                        "tainted": false
                    },
                    "deposed": [],
                    "provider": "provider.oci"
                },
                "oci_core_subnet.public_subnet1": {
                    "type": "oci_core_subnet",
                    "depends_on": [
                        "oci_core_route_table.public_routetable1",
                        "oci_core_security_list.public-securitylist",
                        "oci_core_vcn.vcn1"
                    ],
                    "primary": {
                        "id": "ocid1.subnet.oc1.sa-saopaulo-1.aaaaaaaanksk45irgabhmmnv5emeaymbnijsrlpiwjrr3z2n5sfm7i7wrzeq",
                        "attributes": {
                            "cidr_block": "10.1.20.0/24",
                            "compartment_id": "ocid1.compartment.oc1..aaaaaaaa4ttil2x4vxf6nib53qiao5ly7nrnk55cdclisuxubqr77u7gumwa",
                            "defined_tags.%": "2",
                            "defined_tags.Operations.CostCenter": "w1234",
                            "defined_tags.Operations.CreatedBy": "vinay.c.rao@oracle.com",
                            "dhcp_options_id": "ocid1.dhcpoptions.oc1.sa-saopaulo-1.aaaaaaaamp2cmvczm6nomzbjgqpfvdo6tp3qk6m5rel4xdrtvhelpdkka5ia",
                            "display_name": "public_subnet1",
                            "dns_label": "publicsubnet1",
                            "freeform_tags.%": "0",
                            "id": "ocid1.subnet.oc1.sa-saopaulo-1.aaaaaaaanksk45irgabhmmnv5emeaymbnijsrlpiwjrr3z2n5sfm7i7wrzeq",
                            "prohibit_public_ip_on_vnic": "false",
                            "route_table_id": "ocid1.routetable.oc1.sa-saopaulo-1.aaaaaaaai4tmgdmjhamovnapve5l55ulf2mviovnjtoi6pcc6n74klmaujsq",
                            "security_list_ids.#": "1",
                            "security_list_ids.1549778496": "ocid1.securitylist.oc1.sa-saopaulo-1.aaaaaaaapcd6qygkwvilqkcbzikp3ybx3othhdqzxhmezko3xzmu5asjwirq",
                            "state": "AVAILABLE",
                            "subnet_domain_name": "publicsubnet1.vcn1.oraclevcn.com",
                            "time_created": "2019-08-14 21:54:14.661 +0000 UTC",
                            "vcn_id": "ocid1.vcn.oc1.sa-saopaulo-1.aaaaaaaawzlnx6d2ikagdki2kpt2vxqbqixuucu7ory2y5hpswyptpwjca2q",
                            "virtual_router_ip": "10.1.20.1",
                            "virtual_router_mac": "00:00:17:2C:5C:DB"
                        },
                        "meta": {
                            "e2bfb730-ecaa-11e6-8f88-34363bc7c4c0": {
                                "create": 900000000000,
                                "delete": 900000000000,
                                "update": 900000000000
                            }
                        },
                        "tainted": false
                    },
                    "deposed": [],
                    "provider": "provider.oci"
                },
                "oci_core_vcn.vcn1": {
                    "type": "oci_core_vcn",
                    "depends_on": [],
                    "primary": {
                        "id": "ocid1.vcn.oc1.sa-saopaulo-1.aaaaaaaawzlnx6d2ikagdki2kpt2vxqbqixuucu7ory2y5hpswyptpwjca2q",
                        "attributes": {
                            "cidr_block": "10.1.0.0/16",
                            "compartment_id": "ocid1.compartment.oc1..aaaaaaaa4ttil2x4vxf6nib53qiao5ly7nrnk55cdclisuxubqr77u7gumwa",
                            "default_dhcp_options_id": "ocid1.dhcpoptions.oc1.sa-saopaulo-1.aaaaaaaamp2cmvczm6nomzbjgqpfvdo6tp3qk6m5rel4xdrtvhelpdkka5ia",
                            "default_route_table_id": "ocid1.routetable.oc1.sa-saopaulo-1.aaaaaaaax3a3xu2kqzr6izgupqjtmpshpujs4ov3nqxc3ikijqrj22npqacq",
                            "default_security_list_id": "ocid1.securitylist.oc1.sa-saopaulo-1.aaaaaaaawt7md3dzm32aegokseddtfkizrdulgcg2jkwdegl7w6xd2oypnla",
                            "defined_tags.%": "2",
                            "defined_tags.Operations.CostCenter": "w1234",
                            "defined_tags.Operations.CreatedBy": "vinay.c.rao@oracle.com",
                            "display_name": "vcn1",
                            "dns_label": "vcn1",
                            "freeform_tags.%": "0",
                            "id": "ocid1.vcn.oc1.sa-saopaulo-1.aaaaaaaawzlnx6d2ikagdki2kpt2vxqbqixuucu7ory2y5hpswyptpwjca2q",
                            "state": "AVAILABLE",
                            "time_created": "2019-08-14 21:54:11.123 +0000 UTC",
                            "vcn_domain_name": "vcn1.oraclevcn.com"
                        },
                        "meta": {
                            "e2bfb730-ecaa-11e6-8f88-34363bc7c4c0": {
                                "create": 900000000000,
                                "delete": 900000000000,
                                "update": 900000000000
                            }
                        },
                        "tainted": false
                    },
                    "deposed": [],
                    "provider": "provider.oci"
                },
                "oci_core_vcn.vcn2": {
                    "type": "oci_core_vcn",
                    "depends_on": [],
                    "primary": {
                        "id": "ocid1.vcn.oc1.sa-saopaulo-1.aaaaaaaasgzw5yaop7jev2tmh6oihcx2fgrzolevpf3xr6aiuqah7xndagwa",
                        "attributes": {
                            "cidr_block": "10.2.0.0/16",
                            "compartment_id": "ocid1.compartment.oc1..aaaaaaaa4ttil2x4vxf6nib53qiao5ly7nrnk55cdclisuxubqr77u7gumwa",
                            "default_dhcp_options_id": "ocid1.dhcpoptions.oc1.sa-saopaulo-1.aaaaaaaayjyzpxbbfrt3lqgp7kyjrayleizfhnurtd2nv4mjcjbbf53beoua",
                            "default_route_table_id": "ocid1.routetable.oc1.sa-saopaulo-1.aaaaaaaam2hq2psvqz4bhozbem7tmmjbekcrszxuaoipbcnsksu5eptlp3la",
                            "default_security_list_id": "ocid1.securitylist.oc1.sa-saopaulo-1.aaaaaaaa54m4i2dcp7kx5obu6ktjkmojguebevk56mvvocm7gol7tbkognda",
                            "defined_tags.%": "2",
                            "defined_tags.Operations.CostCenter": "w1234",
                            "defined_tags.Operations.CreatedBy": "vinay.c.rao@oracle.com",
                            "display_name": "vcn2",
                            "dns_label": "vcn2",
                            "freeform_tags.%": "0",
                            "id": "ocid1.vcn.oc1.sa-saopaulo-1.aaaaaaaasgzw5yaop7jev2tmh6oihcx2fgrzolevpf3xr6aiuqah7xndagwa",
                            "state": "AVAILABLE",
                            "time_created": "2019-08-14 21:54:10.669 +0000 UTC",
                            "vcn_domain_name": "vcn2.oraclevcn.com"
                        },
                        "meta": {
                            "e2bfb730-ecaa-11e6-8f88-34363bc7c4c0": {
                                "create": 900000000000,
                                "delete": 900000000000,
                                "update": 900000000000
                            }
                        },
                        "tainted": false
                    },
                    "deposed": [],
                    "provider": "provider.oci"
                },
                "oci_load_balancer.private-lb": {
                    "type": "oci_load_balancer",
                    "depends_on": [
                        "oci_core_subnet.private_subnet1"
                    ],
                    "primary": {
                        "id": "ocid1.loadbalancer.oc1.sa-saopaulo-1.aaaaaaaamukawvvhhmeap7gubhcpjmmswzyajuxg6kvj72q4iwlo7psazvea",
                        "attributes": {
                            "compartment_id": "ocid1.compartment.oc1..aaaaaaaa4ttil2x4vxf6nib53qiao5ly7nrnk55cdclisuxubqr77u7gumwa",
                            "defined_tags.%": "2",
                            "defined_tags.Operations.CostCenter": "w1234",
                            "defined_tags.Operations.CreatedBy": "vinay.c.rao@oracle.com",
                            "display_name": "private-lb",
                            "freeform_tags.%": "0",
                            "id": "ocid1.loadbalancer.oc1.sa-saopaulo-1.aaaaaaaamukawvvhhmeap7gubhcpjmmswzyajuxg6kvj72q4iwlo7psazvea",
                            "ip_address_details.#": "1",
                            "ip_address_details.0.ip_address": "10.1.22.6",
                            "ip_address_details.0.is_public": "false",
                            "ip_addresses.#": "1",
                            "ip_addresses.0": "10.1.22.6",
                            "is_private": "true",
                            "network_security_group_ids.#": "0",
                            "shape": "100Mbps",
                            "state": "ACTIVE",
                            "subnet_ids.#": "1",
                            "subnet_ids.0": "ocid1.subnet.oc1.sa-saopaulo-1.aaaaaaaafurusbd5ljegtykb6ujzpouxxc4hbvohaxzvlevycfm7rxyxd5ua",
                            "time_created": "2019-08-14 21:54:18.23 +0000 UTC"
                        },
                        "meta": {
                            "e2bfb730-ecaa-11e6-8f88-34363bc7c4c0": {
                                "create": 900000000000,
                                "delete": 900000000000,
                                "update": 900000000000
                            }
                        },
                        "tainted": false
                    },
                    "deposed": [],
                    "provider": "provider.oci"
                },
                "oci_load_balancer.private-lb2": {
                    "type": "oci_load_balancer",
                    "depends_on": [
                        "oci_core_subnet.private_subnet1"
                    ],
                    "primary": {
                        "id": "ocid1.loadbalancer.oc1.sa-saopaulo-1.aaaaaaaae7bptyhv3hg4m6han6rax4p4uxzuwldiucrwye6qzqn2xj7wcdza",
                        "attributes": {
                            "compartment_id": "ocid1.compartment.oc1..aaaaaaaa4ttil2x4vxf6nib53qiao5ly7nrnk55cdclisuxubqr77u7gumwa",
                            "defined_tags.%": "2",
                            "defined_tags.Operations.CostCenter": "w1234",
                            "defined_tags.Operations.CreatedBy": "vinay.c.rao@oracle.com",
                            "display_name": "private-lb",
                            "freeform_tags.%": "0",
                            "id": "ocid1.loadbalancer.oc1.sa-saopaulo-1.aaaaaaaae7bptyhv3hg4m6han6rax4p4uxzuwldiucrwye6qzqn2xj7wcdza",
                            "ip_address_details.#": "1",
                            "ip_address_details.0.ip_address": "10.1.22.7",
                            "ip_address_details.0.is_public": "false",
                            "ip_addresses.#": "1",
                            "ip_addresses.0": "10.1.22.7",
                            "is_private": "true",
                            "network_security_group_ids.#": "0",
                            "shape": "400Mbps",
                            "state": "ACTIVE",
                            "subnet_ids.#": "1",
                            "subnet_ids.0": "ocid1.subnet.oc1.sa-saopaulo-1.aaaaaaaafurusbd5ljegtykb6ujzpouxxc4hbvohaxzvlevycfm7rxyxd5ua",
                            "time_created": "2019-08-14 21:54:18.236 +0000 UTC"
                        },
                        "meta": {
                            "e2bfb730-ecaa-11e6-8f88-34363bc7c4c0": {
                                "create": 900000000000,
                                "delete": 900000000000,
                                "update": 900000000000
                            }
                        },
                        "tainted": false
                    },
                    "deposed": [],
                    "provider": "provider.oci"
                },
                "oci_load_balancer.public-lb": {
                    "type": "oci_load_balancer",
                    "depends_on": [
                        "oci_core_subnet.public_subnet1"
                    ],
                    "primary": {
                        "id": "ocid1.loadbalancer.oc1.sa-saopaulo-1.aaaaaaaaeceeozucgryrfbuemftykphxzryk6k7x56mvmei6ljihpuo3ro3q",
                        "attributes": {
                            "compartment_id": "ocid1.compartment.oc1..aaaaaaaa4ttil2x4vxf6nib53qiao5ly7nrnk55cdclisuxubqr77u7gumwa",
                            "defined_tags.%": "2",
                            "defined_tags.Operations.CostCenter": "w1234",
                            "defined_tags.Operations.CreatedBy": "vinay.c.rao@oracle.com",
                            "display_name": "public-lb",
                            "freeform_tags.%": "0",
                            "id": "ocid1.loadbalancer.oc1.sa-saopaulo-1.aaaaaaaaeceeozucgryrfbuemftykphxzryk6k7x56mvmei6ljihpuo3ro3q",
                            "ip_address_details.#": "1",
                            "ip_address_details.0.ip_address": "140.238.177.186",
                            "ip_address_details.0.is_public": "true",
                            "ip_addresses.#": "1",
                            "ip_addresses.0": "140.238.177.186",
                            "is_private": "false",
                            "network_security_group_ids.#": "0",
                            "shape": "100Mbps",
                            "state": "ACTIVE",
                            "subnet_ids.#": "1",
                            "subnet_ids.0": "ocid1.subnet.oc1.sa-saopaulo-1.aaaaaaaanksk45irgabhmmnv5emeaymbnijsrlpiwjrr3z2n5sfm7i7wrzeq",
                            "time_created": "2019-08-14 21:54:15.996 +0000 UTC"
                        },
                        "meta": {
                            "e2bfb730-ecaa-11e6-8f88-34363bc7c4c0": {
                                "create": 900000000000,
                                "delete": 900000000000,
                                "update": 900000000000
                            }
                        },
                        "tainted": false
                    },
                    "deposed": [],
                    "provider": "provider.oci"
                },
                "oci_load_balancer.public-lb2": {
                    "type": "oci_load_balancer",
                    "depends_on": [
                        "oci_core_subnet.public_subnet1"
                    ],
                    "primary": {
                        "id": "ocid1.loadbalancer.oc1.sa-saopaulo-1.aaaaaaaay7pnzrmc4etsczdcz2uybminndaatxd7bzz76bhywwpy5qebeoyq",
                        "attributes": {
                            "compartment_id": "ocid1.compartment.oc1..aaaaaaaa4ttil2x4vxf6nib53qiao5ly7nrnk55cdclisuxubqr77u7gumwa",
                            "defined_tags.%": "2",
                            "defined_tags.Operations.CostCenter": "w1234",
                            "defined_tags.Operations.CreatedBy": "vinay.c.rao@oracle.com",
                            "display_name": "public-lb",
                            "freeform_tags.%": "0",
                            "id": "ocid1.loadbalancer.oc1.sa-saopaulo-1.aaaaaaaay7pnzrmc4etsczdcz2uybminndaatxd7bzz76bhywwpy5qebeoyq",
                            "ip_address_details.#": "1",
                            "ip_address_details.0.ip_address": "140.238.176.205",
                            "ip_address_details.0.is_public": "true",
                            "ip_addresses.#": "1",
                            "ip_addresses.0": "140.238.176.205",
                            "is_private": "false",
                            "network_security_group_ids.#": "0",
                            "shape": "400Mbps",
                            "state": "ACTIVE",
                            "subnet_ids.#": "1",
                            "subnet_ids.0": "ocid1.subnet.oc1.sa-saopaulo-1.aaaaaaaanksk45irgabhmmnv5emeaymbnijsrlpiwjrr3z2n5sfm7i7wrzeq",
                            "time_created": "2019-08-14 21:54:15.834 +0000 UTC"
                        },
                        "meta": {
                            "e2bfb730-ecaa-11e6-8f88-34363bc7c4c0": {
                                "create": 900000000000,
                                "delete": 900000000000,
                                "update": 900000000000
                            }
                        },
                        "tainted": false
                    },
                    "deposed": [],
                    "provider": "provider.oci"
                },
                "oci_load_balancer_backend_set.web-lb1-bes1": {
                    "type": "oci_load_balancer_backend_set",
                    "depends_on": [
                        "oci_load_balancer.public-lb"
                    ],
                    "primary": {
                        "id": "loadBalancers/ocid1.loadbalancer.oc1.sa-saopaulo-1.aaaaaaaaeceeozucgryrfbuemftykphxzryk6k7x56mvmei6ljihpuo3ro3q/backendSets/web-lb-bes1",
                        "attributes": {
                            "backend.#": "0",
                            "health_checker.#": "1",
                            "health_checker.0.interval_ms": "30000",
                            "health_checker.0.port": "8080",
                            "health_checker.0.protocol": "HTTP",
                            "health_checker.0.response_body_regex": ".*",
                            "health_checker.0.retries": "3",
                            "health_checker.0.return_code": "200",
                            "health_checker.0.timeout_in_millis": "3000",
                            "health_checker.0.url_path": "/",
                            "id": "loadBalancers/ocid1.loadbalancer.oc1.sa-saopaulo-1.aaaaaaaaeceeozucgryrfbuemftykphxzryk6k7x56mvmei6ljihpuo3ro3q/backendSets/web-lb-bes1",
                            "lb_cookie_session_persistence_configuration.#": "0",
                            "load_balancer_id": "ocid1.loadbalancer.oc1.sa-saopaulo-1.aaaaaaaaeceeozucgryrfbuemftykphxzryk6k7x56mvmei6ljihpuo3ro3q",
                            "name": "web-lb-bes1",
                            "policy": "ROUND_ROBIN",
                            "session_persistence_configuration.#": "1",
                            "session_persistence_configuration.0.cookie_name": "JSESSIONID",
                            "session_persistence_configuration.0.disable_fallback": "false",
                            "ssl_configuration.#": "0",
                            "state": "SUCCEEDED"
                        },
                        "meta": {
                            "e2bfb730-ecaa-11e6-8f88-34363bc7c4c0": {
                                "create": 900000000000,
                                "delete": 900000000000,
                                "update": 900000000000
                            }
                        },
                        "tainted": false
                    },
                    "deposed": [],
                    "provider": "provider.oci"
                },
                "oci_load_balancer_backend_set.web-lb1-bes2": {
                    "type": "oci_load_balancer_backend_set",
                    "depends_on": [
                        "oci_load_balancer.private-lb"
                    ],
                    "primary": {
                        "id": "loadBalancers/ocid1.loadbalancer.oc1.sa-saopaulo-1.aaaaaaaamukawvvhhmeap7gubhcpjmmswzyajuxg6kvj72q4iwlo7psazvea/backendSets/web-lb-bes2",
                        "attributes": {
                            "backend.#": "0",
                            "health_checker.#": "1",
                            "health_checker.0.interval_ms": "30000",
                            "health_checker.0.port": "8080",
                            "health_checker.0.protocol": "HTTP",
                            "health_checker.0.response_body_regex": ".*",
                            "health_checker.0.retries": "3",
                            "health_checker.0.return_code": "200",
                            "health_checker.0.timeout_in_millis": "3000",
                            "health_checker.0.url_path": "/",
                            "id": "loadBalancers/ocid1.loadbalancer.oc1.sa-saopaulo-1.aaaaaaaamukawvvhhmeap7gubhcpjmmswzyajuxg6kvj72q4iwlo7psazvea/backendSets/web-lb-bes2",
                            "lb_cookie_session_persistence_configuration.#": "0",
                            "load_balancer_id": "ocid1.loadbalancer.oc1.sa-saopaulo-1.aaaaaaaamukawvvhhmeap7gubhcpjmmswzyajuxg6kvj72q4iwlo7psazvea",
                            "name": "web-lb-bes2",
                            "policy": "ROUND_ROBIN",
                            "session_persistence_configuration.#": "1",
                            "session_persistence_configuration.0.cookie_name": "JSESSIONID",
                            "session_persistence_configuration.0.disable_fallback": "false",
                            "ssl_configuration.#": "0",
                            "state": "SUCCEEDED"
                        },
                        "meta": {
                            "e2bfb730-ecaa-11e6-8f88-34363bc7c4c0": {
                                "create": 900000000000,
                                "delete": 900000000000,
                                "update": 900000000000
                            }
                        },
                        "tainted": false
                    },
                    "deposed": [],
                    "provider": "provider.oci"
                },
                "oci_load_balancer_backend_set.web-lb2-bes1": {
                    "type": "oci_load_balancer_backend_set",
                    "depends_on": [
                        "oci_load_balancer.public-lb2"
                    ],
                    "primary": {
                        "id": "loadBalancers/ocid1.loadbalancer.oc1.sa-saopaulo-1.aaaaaaaay7pnzrmc4etsczdcz2uybminndaatxd7bzz76bhywwpy5qebeoyq/backendSets/web-lb-bes1-2",
                        "attributes": {
                            "backend.#": "0",
                            "health_checker.#": "1",
                            "health_checker.0.interval_ms": "30000",
                            "health_checker.0.port": "8080",
                            "health_checker.0.protocol": "HTTP",
                            "health_checker.0.response_body_regex": ".*",
                            "health_checker.0.retries": "3",
                            "health_checker.0.return_code": "200",
                            "health_checker.0.timeout_in_millis": "3000",
                            "health_checker.0.url_path": "/",
                            "id": "loadBalancers/ocid1.loadbalancer.oc1.sa-saopaulo-1.aaaaaaaay7pnzrmc4etsczdcz2uybminndaatxd7bzz76bhywwpy5qebeoyq/backendSets/web-lb-bes1-2",
                            "lb_cookie_session_persistence_configuration.#": "0",
                            "load_balancer_id": "ocid1.loadbalancer.oc1.sa-saopaulo-1.aaaaaaaay7pnzrmc4etsczdcz2uybminndaatxd7bzz76bhywwpy5qebeoyq",
                            "name": "web-lb-bes1-2",
                            "policy": "ROUND_ROBIN",
                            "session_persistence_configuration.#": "1",
                            "session_persistence_configuration.0.cookie_name": "JSESSIONID",
                            "session_persistence_configuration.0.disable_fallback": "false",
                            "ssl_configuration.#": "0",
                            "state": "SUCCEEDED"
                        },
                        "meta": {
                            "e2bfb730-ecaa-11e6-8f88-34363bc7c4c0": {
                                "create": 900000000000,
                                "delete": 900000000000,
                                "update": 900000000000
                            }
                        },
                        "tainted": false
                    },
                    "deposed": [],
                    "provider": "provider.oci"
                },
                "oci_load_balancer_backend_set.web-lb2-bes2": {
                    "type": "oci_load_balancer_backend_set",
                    "depends_on": [
                        "oci_load_balancer.private-lb2"
                    ],
                    "primary": {
                        "id": "loadBalancers/ocid1.loadbalancer.oc1.sa-saopaulo-1.aaaaaaaae7bptyhv3hg4m6han6rax4p4uxzuwldiucrwye6qzqn2xj7wcdza/backendSets/web-lb2-bes2",
                        "attributes": {
                            "backend.#": "0",
                            "health_checker.#": "1",
                            "health_checker.0.interval_ms": "30000",
                            "health_checker.0.port": "8080",
                            "health_checker.0.protocol": "HTTP",
                            "health_checker.0.response_body_regex": ".*",
                            "health_checker.0.retries": "3",
                            "health_checker.0.return_code": "200",
                            "health_checker.0.timeout_in_millis": "3000",
                            "health_checker.0.url_path": "/",
                            "id": "loadBalancers/ocid1.loadbalancer.oc1.sa-saopaulo-1.aaaaaaaae7bptyhv3hg4m6han6rax4p4uxzuwldiucrwye6qzqn2xj7wcdza/backendSets/web-lb2-bes2",
                            "lb_cookie_session_persistence_configuration.#": "0",
                            "load_balancer_id": "ocid1.loadbalancer.oc1.sa-saopaulo-1.aaaaaaaae7bptyhv3hg4m6han6rax4p4uxzuwldiucrwye6qzqn2xj7wcdza",
                            "name": "web-lb2-bes2",
                            "policy": "ROUND_ROBIN",
                            "session_persistence_configuration.#": "1",
                            "session_persistence_configuration.0.cookie_name": "JSESSIONID",
                            "session_persistence_configuration.0.disable_fallback": "false",
                            "ssl_configuration.#": "0",
                            "state": "SUCCEEDED"
                        },
                        "meta": {
                            "e2bfb730-ecaa-11e6-8f88-34363bc7c4c0": {
                                "create": 900000000000,
                                "delete": 900000000000,
                                "update": 900000000000
                            }
                        },
                        "tainted": false
                    },
                    "deposed": [],
                    "provider": "provider.oci"
                },
                "oci_load_balancer_certificate.lb-cert1": {
                    "type": "oci_load_balancer_certificate",
                    "depends_on": [
                        "data.template_file.cert",
                        "data.template_file.privkey",
                        "oci_load_balancer.public-lb"
                    ],
                    "primary": {
                        "id": "test400mb.johnlodini.us",
                        "attributes": {
                            "certificate_name": "test400mb.johnlodini.us",
                            "id": "test400mb.johnlodini.us",
                            "load_balancer_id": "ocid1.loadbalancer.oc1.sa-saopaulo-1.aaaaaaaaeceeozucgryrfbuemftykphxzryk6k7x56mvmei6ljihpuo3ro3q",
                            "private_key": "-----BEGIN RSA PRIVATE KEY-----\nMIIEpAIBAAKCAQEAy5Dsj8bxUAXO/YewALELnskTdQTrtSskVsk5r1accdlIE+2m\nuKbspnvk2KmYUsg2JNYrKypNzUtduLIY4CP4kZhdv/6F9XoWtEmo42Tz7mdf6Q7U\n32Jq2anJyvKLWB9WCZdWQps3+j65XxkE6IPoJS+4rHdKOgAtnZhBH5oY5So49tz4\n+sQxKS8hR5+zmocOHHHf3nA6/ggTDtlv2YdqpJaGL3O3L2qIU93XCq+Ot9Nhujy7\nLSJgyldjKKm++WQMeFq6X6ncBGXk+m/4Pq2aV3WW0qOYT7MoVmP+Vgs/cXEvtvnU\nk5n1fY8QyJVof13KSCV/OfTF1bk0NY/bIQj+PQIDAQABAoIBAEKC7pgnk07nJvN1\ncw82yaou3rmcSvtdxjjI9J0SenlEWiWQv6mTeL0IvAQCna9mlTJB+8bVwqfyGQQw\nxKnvdtbzZqZFnjVPl71+V708jer2QcMfQnRebrUBodo6l0bKrkzh8qA+oPKVrfGh\ndhYWizIjPn6zV0BOMJlOVvDhY4L0S7fs9OemhNLoY1IVfpSgXwhZWg45kA0mAXQZ\n8TzbcvWd1pXC/beYM5tWjJUo4rD8UkWVH6qeqSR3FHvuxeb0nJrbnsdPbjXKh9NY\ncULE9XnNE2sRT4r0teOOLZ91dwDSDLmprW4FyqJrUQHfpmLPiwJd+5P+egGcy5F6\nmONQgaECgYEA/bjumRJPu76VKOnWwq95E+bvMr/I3sQrlC/xkDxP89dydtZTEZDi\ndcDcAYUlIP8taK5d77QHoBQdY0gjzBBLgNb0hetWJiAldfHqFdohd1GCK457ZAsn\n1OyimA5NQkY8tLuNig0A3i/fjeMNLMseBw1ynxGM1kdEbR6JgO86jLUCgYEAzWS6\n67sIDcU1YxYOFTmjQYm7OGF6DuDaX06r7++CVKfzPmvRncgQvmbwF+CZXNR00kCc\n0ntiUgQEc7x5ioslAhcoIxWHzkQTs40IbfgP2JSDCTsJ0X1LFGGc8g38GnrZ1yAf\nAraq9+f7YwiHkpQBnu8UymY9CjpRFru1NPqFKGkCgYEAhtyMnnp4PS/xMt0QlU0W\nC3kdvZjpWVdmXo8ZVHRqfw8OvZHwd47OgI6xonE2KhLY/SJptea4guMON955gJdM\nusAHG0Pa98rwfn/G0DSwwy5lBWfnuGahlnDtf+tiL48L53klo7KDupYxusZsE1on\nrNH+EgUPGjqpaWLo7cq7EV0CgYBLQcZPi2cnDIREOxeL5WORJvMndGfxvael1kCf\nmIWLmUJCM+VJR74C1drRFOV8owfu5efQI49h98Dd20g5YER+IJf/SutIw57oYhud\nl4/OzpO4tR4i2SLCZAXKlx8xYKQi880JBH9eeGye28g5B+wUHQvkIVPqRHXju4Fo\n2QYjSQKBgQDtXUvxzvwTUDV37yERmoX1Xm+XDrR+5yB5jOx7nuqPd4bdbonYt0oo\nOP6uXNq7/14xfT61IyswUgtitB4096JxjpH46q3Zxnw4kJKHdX1EK8h17AMj+YEZ\n7QzubWQPFHa6KkfhokgQYyxUq0IONi3LKEyTffTLJAXG8xCVjer9sA==\n-----END RSA PRIVATE KEY-----\n",
                            "public_certificate": "-----BEGIN CERTIFICATE-----\nMIIErDCCA5SgAwIBAgIJAM5E7PlGig/QMA0GCSqGSIb3DQEBCwUAMIGXMQswCQYD\nVQQGEwJVUzEOMAwGA1UECAwFVGV4YXMxDzANBgNVBAcMBklydmluZzEPMA0GA1UE\nCgwGT1JhY2xlMQ0wCwYDVQQLDARWTlBNMSAwHgYDVQQDDBd0ZXN0NDAwbWIuam9o\nbmxvZGluaS51czElMCMGCSqGSIb3DQEJARYWam9obi5sb2RpbmlAb3JhY2xlLmNv\nbTAeFw0xOTA0MTgyMzIwNDJaFw0yMDA0MTcyMzIwNDJaMIGXMQswCQYDVQQGEwJV\nUzEOMAwGA1UECAwFVGV4YXMxDzANBgNVBAcMBklydmluZzEPMA0GA1UECgwGT1Jh\nY2xlMQ0wCwYDVQQLDARWTlBNMSAwHgYDVQQDDBd0ZXN0NDAwbWIuam9obmxvZGlu\naS51czElMCMGCSqGSIb3DQEJARYWam9obi5sb2RpbmlAb3JhY2xlLmNvbTCCASIw\nDQYJKoZIhvcNAQEBBQADggEPADCCAQoCggEBAMuQ7I/G8VAFzv2HsACxC57JE3UE\n67UrJFbJOa9WnHHZSBPtprim7KZ75NipmFLINiTWKysqTc1LXbiyGOAj+JGYXb/+\nhfV6FrRJqONk8+5nX+kO1N9iatmpycryi1gfVgmXVkKbN/o+uV8ZBOiD6CUvuKx3\nSjoALZ2YQR+aGOUqOPbc+PrEMSkvIUefs5qHDhxx395wOv4IEw7Zb9mHaqSWhi9z\nty9qiFPd1wqvjrfTYbo8uy0iYMpXYyipvvlkDHhaul+p3ARl5Ppv+D6tmld1ltKj\nmE+zKFZj/lYLP3FxL7b51JOZ9X2PEMiVaH9dykglfzn0xdW5NDWP2yEI/j0CAwEA\nAaOB+DCB9TCBtgYDVR0jBIGuMIGroYGdpIGaMIGXMQswCQYDVQQGEwJVUzEOMAwG\nA1UECAwFVGV4YXMxDzANBgNVBAcMBklydmluZzEPMA0GA1UECgwGT1JhY2xlMQ0w\nCwYDVQQLDARWTlBNMSAwHgYDVQQDDBd0ZXN0NDAwbWIuam9obmxvZGluaS51czEl\nMCMGCSqGSIb3DQEJARYWam9obi5sb2RpbmlAb3JhY2xlLmNvbYIJAM5E7PlGig/Q\nMAkGA1UdEwQCMAAwCwYDVR0PBAQDAgTwMCIGA1UdEQQbMBmCF3Rlc3Q0MDBtYi5q\nb2hubG9kaW5pLnVzMA0GCSqGSIb3DQEBCwUAA4IBAQAmZC8YD6qKOonCIeeTKS74\nfdyLOImYu/nASpxPHwCaCgNQnjeZB0wm74QCFP85/grRkMvrxTm/9FbGOoTq86kc\nJE87GquLdlJ3uvhDBiCG9urh5Nkbl6XifyZGX1Adk2T5WRYknvxvRmIlslNSezzW\nhsOugO8gXg6baUaotmLaJ6zX3K4OIrUJU8DGNr8R2UgGDfoDg5xpcO2V8c98Odt2\n2xB+N1L7WbD5jQQbtXepMWa8fML9+CPWqkLZCbeaRF/kzclJmxC4hbCIgBB+CPP3\n53byB3kvEnMMoCUjVNcNjItd2So2UDXXNvcpojETEF2G6Jfaif4HE6YmNy3/tpFR\n-----END CERTIFICATE-----",
                            "state": "SUCCEEDED"
                        },
                        "meta": {
                            "e2bfb730-ecaa-11e6-8f88-34363bc7c4c0": {
                                "create": 900000000000,
                                "delete": 900000000000,
                                "update": 900000000000
                            }
                        },
                        "tainted": false
                    },
                    "deposed": [],
                    "provider": "provider.oci"
                },
                "oci_load_balancer_certificate.lb-cert2": {
                    "type": "oci_load_balancer_certificate",
                    "depends_on": [
                        "data.template_file.cert",
                        "data.template_file.privkey",
                        "oci_load_balancer.public-lb2"
                    ],
                    "primary": {
                        "id": "test400mb.johnlodini.us",
                        "attributes": {
                            "certificate_name": "test400mb.johnlodini.us",
                            "id": "test400mb.johnlodini.us",
                            "load_balancer_id": "ocid1.loadbalancer.oc1.sa-saopaulo-1.aaaaaaaay7pnzrmc4etsczdcz2uybminndaatxd7bzz76bhywwpy5qebeoyq",
                            "private_key": "-----BEGIN RSA PRIVATE KEY-----\nMIIEpAIBAAKCAQEAy5Dsj8bxUAXO/YewALELnskTdQTrtSskVsk5r1accdlIE+2m\nuKbspnvk2KmYUsg2JNYrKypNzUtduLIY4CP4kZhdv/6F9XoWtEmo42Tz7mdf6Q7U\n32Jq2anJyvKLWB9WCZdWQps3+j65XxkE6IPoJS+4rHdKOgAtnZhBH5oY5So49tz4\n+sQxKS8hR5+zmocOHHHf3nA6/ggTDtlv2YdqpJaGL3O3L2qIU93XCq+Ot9Nhujy7\nLSJgyldjKKm++WQMeFq6X6ncBGXk+m/4Pq2aV3WW0qOYT7MoVmP+Vgs/cXEvtvnU\nk5n1fY8QyJVof13KSCV/OfTF1bk0NY/bIQj+PQIDAQABAoIBAEKC7pgnk07nJvN1\ncw82yaou3rmcSvtdxjjI9J0SenlEWiWQv6mTeL0IvAQCna9mlTJB+8bVwqfyGQQw\nxKnvdtbzZqZFnjVPl71+V708jer2QcMfQnRebrUBodo6l0bKrkzh8qA+oPKVrfGh\ndhYWizIjPn6zV0BOMJlOVvDhY4L0S7fs9OemhNLoY1IVfpSgXwhZWg45kA0mAXQZ\n8TzbcvWd1pXC/beYM5tWjJUo4rD8UkWVH6qeqSR3FHvuxeb0nJrbnsdPbjXKh9NY\ncULE9XnNE2sRT4r0teOOLZ91dwDSDLmprW4FyqJrUQHfpmLPiwJd+5P+egGcy5F6\nmONQgaECgYEA/bjumRJPu76VKOnWwq95E+bvMr/I3sQrlC/xkDxP89dydtZTEZDi\ndcDcAYUlIP8taK5d77QHoBQdY0gjzBBLgNb0hetWJiAldfHqFdohd1GCK457ZAsn\n1OyimA5NQkY8tLuNig0A3i/fjeMNLMseBw1ynxGM1kdEbR6JgO86jLUCgYEAzWS6\n67sIDcU1YxYOFTmjQYm7OGF6DuDaX06r7++CVKfzPmvRncgQvmbwF+CZXNR00kCc\n0ntiUgQEc7x5ioslAhcoIxWHzkQTs40IbfgP2JSDCTsJ0X1LFGGc8g38GnrZ1yAf\nAraq9+f7YwiHkpQBnu8UymY9CjpRFru1NPqFKGkCgYEAhtyMnnp4PS/xMt0QlU0W\nC3kdvZjpWVdmXo8ZVHRqfw8OvZHwd47OgI6xonE2KhLY/SJptea4guMON955gJdM\nusAHG0Pa98rwfn/G0DSwwy5lBWfnuGahlnDtf+tiL48L53klo7KDupYxusZsE1on\nrNH+EgUPGjqpaWLo7cq7EV0CgYBLQcZPi2cnDIREOxeL5WORJvMndGfxvael1kCf\nmIWLmUJCM+VJR74C1drRFOV8owfu5efQI49h98Dd20g5YER+IJf/SutIw57oYhud\nl4/OzpO4tR4i2SLCZAXKlx8xYKQi880JBH9eeGye28g5B+wUHQvkIVPqRHXju4Fo\n2QYjSQKBgQDtXUvxzvwTUDV37yERmoX1Xm+XDrR+5yB5jOx7nuqPd4bdbonYt0oo\nOP6uXNq7/14xfT61IyswUgtitB4096JxjpH46q3Zxnw4kJKHdX1EK8h17AMj+YEZ\n7QzubWQPFHa6KkfhokgQYyxUq0IONi3LKEyTffTLJAXG8xCVjer9sA==\n-----END RSA PRIVATE KEY-----\n",
                            "public_certificate": "-----BEGIN CERTIFICATE-----\nMIIErDCCA5SgAwIBAgIJAM5E7PlGig/QMA0GCSqGSIb3DQEBCwUAMIGXMQswCQYD\nVQQGEwJVUzEOMAwGA1UECAwFVGV4YXMxDzANBgNVBAcMBklydmluZzEPMA0GA1UE\nCgwGT1JhY2xlMQ0wCwYDVQQLDARWTlBNMSAwHgYDVQQDDBd0ZXN0NDAwbWIuam9o\nbmxvZGluaS51czElMCMGCSqGSIb3DQEJARYWam9obi5sb2RpbmlAb3JhY2xlLmNv\nbTAeFw0xOTA0MTgyMzIwNDJaFw0yMDA0MTcyMzIwNDJaMIGXMQswCQYDVQQGEwJV\nUzEOMAwGA1UECAwFVGV4YXMxDzANBgNVBAcMBklydmluZzEPMA0GA1UECgwGT1Jh\nY2xlMQ0wCwYDVQQLDARWTlBNMSAwHgYDVQQDDBd0ZXN0NDAwbWIuam9obmxvZGlu\naS51czElMCMGCSqGSIb3DQEJARYWam9obi5sb2RpbmlAb3JhY2xlLmNvbTCCASIw\nDQYJKoZIhvcNAQEBBQADggEPADCCAQoCggEBAMuQ7I/G8VAFzv2HsACxC57JE3UE\n67UrJFbJOa9WnHHZSBPtprim7KZ75NipmFLINiTWKysqTc1LXbiyGOAj+JGYXb/+\nhfV6FrRJqONk8+5nX+kO1N9iatmpycryi1gfVgmXVkKbN/o+uV8ZBOiD6CUvuKx3\nSjoALZ2YQR+aGOUqOPbc+PrEMSkvIUefs5qHDhxx395wOv4IEw7Zb9mHaqSWhi9z\nty9qiFPd1wqvjrfTYbo8uy0iYMpXYyipvvlkDHhaul+p3ARl5Ppv+D6tmld1ltKj\nmE+zKFZj/lYLP3FxL7b51JOZ9X2PEMiVaH9dykglfzn0xdW5NDWP2yEI/j0CAwEA\nAaOB+DCB9TCBtgYDVR0jBIGuMIGroYGdpIGaMIGXMQswCQYDVQQGEwJVUzEOMAwG\nA1UECAwFVGV4YXMxDzANBgNVBAcMBklydmluZzEPMA0GA1UECgwGT1JhY2xlMQ0w\nCwYDVQQLDARWTlBNMSAwHgYDVQQDDBd0ZXN0NDAwbWIuam9obmxvZGluaS51czEl\nMCMGCSqGSIb3DQEJARYWam9obi5sb2RpbmlAb3JhY2xlLmNvbYIJAM5E7PlGig/Q\nMAkGA1UdEwQCMAAwCwYDVR0PBAQDAgTwMCIGA1UdEQQbMBmCF3Rlc3Q0MDBtYi5q\nb2hubG9kaW5pLnVzMA0GCSqGSIb3DQEBCwUAA4IBAQAmZC8YD6qKOonCIeeTKS74\nfdyLOImYu/nASpxPHwCaCgNQnjeZB0wm74QCFP85/grRkMvrxTm/9FbGOoTq86kc\nJE87GquLdlJ3uvhDBiCG9urh5Nkbl6XifyZGX1Adk2T5WRYknvxvRmIlslNSezzW\nhsOugO8gXg6baUaotmLaJ6zX3K4OIrUJU8DGNr8R2UgGDfoDg5xpcO2V8c98Odt2\n2xB+N1L7WbD5jQQbtXepMWa8fML9+CPWqkLZCbeaRF/kzclJmxC4hbCIgBB+CPP3\n53byB3kvEnMMoCUjVNcNjItd2So2UDXXNvcpojETEF2G6Jfaif4HE6YmNy3/tpFR\n-----END CERTIFICATE-----",
                            "state": "SUCCEEDED"
                        },
                        "meta": {
                            "e2bfb730-ecaa-11e6-8f88-34363bc7c4c0": {
                                "create": 900000000000,
                                "delete": 900000000000,
                                "update": 900000000000
                            }
                        },
                        "tainted": false
                    },
                    "deposed": [],
                    "provider": "provider.oci"
                },
                "oci_load_balancer_certificate.lb-cert2-1": {
                    "type": "oci_load_balancer_certificate",
                    "depends_on": [
                        "data.template_file.cert",
                        "data.template_file.privkey",
                        "oci_load_balancer.private-lb"
                    ],
                    "primary": {
                        "id": "test400mb.johnlodini.us",
                        "attributes": {
                            "certificate_name": "test400mb.johnlodini.us",
                            "id": "test400mb.johnlodini.us",
                            "load_balancer_id": "ocid1.loadbalancer.oc1.sa-saopaulo-1.aaaaaaaamukawvvhhmeap7gubhcpjmmswzyajuxg6kvj72q4iwlo7psazvea",
                            "private_key": "-----BEGIN RSA PRIVATE KEY-----\nMIIEpAIBAAKCAQEAy5Dsj8bxUAXO/YewALELnskTdQTrtSskVsk5r1accdlIE+2m\nuKbspnvk2KmYUsg2JNYrKypNzUtduLIY4CP4kZhdv/6F9XoWtEmo42Tz7mdf6Q7U\n32Jq2anJyvKLWB9WCZdWQps3+j65XxkE6IPoJS+4rHdKOgAtnZhBH5oY5So49tz4\n+sQxKS8hR5+zmocOHHHf3nA6/ggTDtlv2YdqpJaGL3O3L2qIU93XCq+Ot9Nhujy7\nLSJgyldjKKm++WQMeFq6X6ncBGXk+m/4Pq2aV3WW0qOYT7MoVmP+Vgs/cXEvtvnU\nk5n1fY8QyJVof13KSCV/OfTF1bk0NY/bIQj+PQIDAQABAoIBAEKC7pgnk07nJvN1\ncw82yaou3rmcSvtdxjjI9J0SenlEWiWQv6mTeL0IvAQCna9mlTJB+8bVwqfyGQQw\nxKnvdtbzZqZFnjVPl71+V708jer2QcMfQnRebrUBodo6l0bKrkzh8qA+oPKVrfGh\ndhYWizIjPn6zV0BOMJlOVvDhY4L0S7fs9OemhNLoY1IVfpSgXwhZWg45kA0mAXQZ\n8TzbcvWd1pXC/beYM5tWjJUo4rD8UkWVH6qeqSR3FHvuxeb0nJrbnsdPbjXKh9NY\ncULE9XnNE2sRT4r0teOOLZ91dwDSDLmprW4FyqJrUQHfpmLPiwJd+5P+egGcy5F6\nmONQgaECgYEA/bjumRJPu76VKOnWwq95E+bvMr/I3sQrlC/xkDxP89dydtZTEZDi\ndcDcAYUlIP8taK5d77QHoBQdY0gjzBBLgNb0hetWJiAldfHqFdohd1GCK457ZAsn\n1OyimA5NQkY8tLuNig0A3i/fjeMNLMseBw1ynxGM1kdEbR6JgO86jLUCgYEAzWS6\n67sIDcU1YxYOFTmjQYm7OGF6DuDaX06r7++CVKfzPmvRncgQvmbwF+CZXNR00kCc\n0ntiUgQEc7x5ioslAhcoIxWHzkQTs40IbfgP2JSDCTsJ0X1LFGGc8g38GnrZ1yAf\nAraq9+f7YwiHkpQBnu8UymY9CjpRFru1NPqFKGkCgYEAhtyMnnp4PS/xMt0QlU0W\nC3kdvZjpWVdmXo8ZVHRqfw8OvZHwd47OgI6xonE2KhLY/SJptea4guMON955gJdM\nusAHG0Pa98rwfn/G0DSwwy5lBWfnuGahlnDtf+tiL48L53klo7KDupYxusZsE1on\nrNH+EgUPGjqpaWLo7cq7EV0CgYBLQcZPi2cnDIREOxeL5WORJvMndGfxvael1kCf\nmIWLmUJCM+VJR74C1drRFOV8owfu5efQI49h98Dd20g5YER+IJf/SutIw57oYhud\nl4/OzpO4tR4i2SLCZAXKlx8xYKQi880JBH9eeGye28g5B+wUHQvkIVPqRHXju4Fo\n2QYjSQKBgQDtXUvxzvwTUDV37yERmoX1Xm+XDrR+5yB5jOx7nuqPd4bdbonYt0oo\nOP6uXNq7/14xfT61IyswUgtitB4096JxjpH46q3Zxnw4kJKHdX1EK8h17AMj+YEZ\n7QzubWQPFHa6KkfhokgQYyxUq0IONi3LKEyTffTLJAXG8xCVjer9sA==\n-----END RSA PRIVATE KEY-----\n",
                            "public_certificate": "-----BEGIN CERTIFICATE-----\nMIIErDCCA5SgAwIBAgIJAM5E7PlGig/QMA0GCSqGSIb3DQEBCwUAMIGXMQswCQYD\nVQQGEwJVUzEOMAwGA1UECAwFVGV4YXMxDzANBgNVBAcMBklydmluZzEPMA0GA1UE\nCgwGT1JhY2xlMQ0wCwYDVQQLDARWTlBNMSAwHgYDVQQDDBd0ZXN0NDAwbWIuam9o\nbmxvZGluaS51czElMCMGCSqGSIb3DQEJARYWam9obi5sb2RpbmlAb3JhY2xlLmNv\nbTAeFw0xOTA0MTgyMzIwNDJaFw0yMDA0MTcyMzIwNDJaMIGXMQswCQYDVQQGEwJV\nUzEOMAwGA1UECAwFVGV4YXMxDzANBgNVBAcMBklydmluZzEPMA0GA1UECgwGT1Jh\nY2xlMQ0wCwYDVQQLDARWTlBNMSAwHgYDVQQDDBd0ZXN0NDAwbWIuam9obmxvZGlu\naS51czElMCMGCSqGSIb3DQEJARYWam9obi5sb2RpbmlAb3JhY2xlLmNvbTCCASIw\nDQYJKoZIhvcNAQEBBQADggEPADCCAQoCggEBAMuQ7I/G8VAFzv2HsACxC57JE3UE\n67UrJFbJOa9WnHHZSBPtprim7KZ75NipmFLINiTWKysqTc1LXbiyGOAj+JGYXb/+\nhfV6FrRJqONk8+5nX+kO1N9iatmpycryi1gfVgmXVkKbN/o+uV8ZBOiD6CUvuKx3\nSjoALZ2YQR+aGOUqOPbc+PrEMSkvIUefs5qHDhxx395wOv4IEw7Zb9mHaqSWhi9z\nty9qiFPd1wqvjrfTYbo8uy0iYMpXYyipvvlkDHhaul+p3ARl5Ppv+D6tmld1ltKj\nmE+zKFZj/lYLP3FxL7b51JOZ9X2PEMiVaH9dykglfzn0xdW5NDWP2yEI/j0CAwEA\nAaOB+DCB9TCBtgYDVR0jBIGuMIGroYGdpIGaMIGXMQswCQYDVQQGEwJVUzEOMAwG\nA1UECAwFVGV4YXMxDzANBgNVBAcMBklydmluZzEPMA0GA1UECgwGT1JhY2xlMQ0w\nCwYDVQQLDARWTlBNMSAwHgYDVQQDDBd0ZXN0NDAwbWIuam9obmxvZGluaS51czEl\nMCMGCSqGSIb3DQEJARYWam9obi5sb2RpbmlAb3JhY2xlLmNvbYIJAM5E7PlGig/Q\nMAkGA1UdEwQCMAAwCwYDVR0PBAQDAgTwMCIGA1UdEQQbMBmCF3Rlc3Q0MDBtYi5q\nb2hubG9kaW5pLnVzMA0GCSqGSIb3DQEBCwUAA4IBAQAmZC8YD6qKOonCIeeTKS74\nfdyLOImYu/nASpxPHwCaCgNQnjeZB0wm74QCFP85/grRkMvrxTm/9FbGOoTq86kc\nJE87GquLdlJ3uvhDBiCG9urh5Nkbl6XifyZGX1Adk2T5WRYknvxvRmIlslNSezzW\nhsOugO8gXg6baUaotmLaJ6zX3K4OIrUJU8DGNr8R2UgGDfoDg5xpcO2V8c98Odt2\n2xB+N1L7WbD5jQQbtXepMWa8fML9+CPWqkLZCbeaRF/kzclJmxC4hbCIgBB+CPP3\n53byB3kvEnMMoCUjVNcNjItd2So2UDXXNvcpojETEF2G6Jfaif4HE6YmNy3/tpFR\n-----END CERTIFICATE-----",
                            "state": "SUCCEEDED"
                        },
                        "meta": {
                            "e2bfb730-ecaa-11e6-8f88-34363bc7c4c0": {
                                "create": 900000000000,
                                "delete": 900000000000,
                                "update": 900000000000
                            }
                        },
                        "tainted": false
                    },
                    "deposed": [],
                    "provider": "provider.oci"
                },
                "oci_load_balancer_certificate.lb-cert2-2": {
                    "type": "oci_load_balancer_certificate",
                    "depends_on": [
                        "data.template_file.cert",
                        "data.template_file.privkey",
                        "oci_load_balancer.private-lb2"
                    ],
                    "primary": {
                        "id": "test400mb.johnlodini.us",
                        "attributes": {
                            "certificate_name": "test400mb.johnlodini.us",
                            "id": "test400mb.johnlodini.us",
                            "load_balancer_id": "ocid1.loadbalancer.oc1.sa-saopaulo-1.aaaaaaaae7bptyhv3hg4m6han6rax4p4uxzuwldiucrwye6qzqn2xj7wcdza",
                            "private_key": "-----BEGIN RSA PRIVATE KEY-----\nMIIEpAIBAAKCAQEAy5Dsj8bxUAXO/YewALELnskTdQTrtSskVsk5r1accdlIE+2m\nuKbspnvk2KmYUsg2JNYrKypNzUtduLIY4CP4kZhdv/6F9XoWtEmo42Tz7mdf6Q7U\n32Jq2anJyvKLWB9WCZdWQps3+j65XxkE6IPoJS+4rHdKOgAtnZhBH5oY5So49tz4\n+sQxKS8hR5+zmocOHHHf3nA6/ggTDtlv2YdqpJaGL3O3L2qIU93XCq+Ot9Nhujy7\nLSJgyldjKKm++WQMeFq6X6ncBGXk+m/4Pq2aV3WW0qOYT7MoVmP+Vgs/cXEvtvnU\nk5n1fY8QyJVof13KSCV/OfTF1bk0NY/bIQj+PQIDAQABAoIBAEKC7pgnk07nJvN1\ncw82yaou3rmcSvtdxjjI9J0SenlEWiWQv6mTeL0IvAQCna9mlTJB+8bVwqfyGQQw\nxKnvdtbzZqZFnjVPl71+V708jer2QcMfQnRebrUBodo6l0bKrkzh8qA+oPKVrfGh\ndhYWizIjPn6zV0BOMJlOVvDhY4L0S7fs9OemhNLoY1IVfpSgXwhZWg45kA0mAXQZ\n8TzbcvWd1pXC/beYM5tWjJUo4rD8UkWVH6qeqSR3FHvuxeb0nJrbnsdPbjXKh9NY\ncULE9XnNE2sRT4r0teOOLZ91dwDSDLmprW4FyqJrUQHfpmLPiwJd+5P+egGcy5F6\nmONQgaECgYEA/bjumRJPu76VKOnWwq95E+bvMr/I3sQrlC/xkDxP89dydtZTEZDi\ndcDcAYUlIP8taK5d77QHoBQdY0gjzBBLgNb0hetWJiAldfHqFdohd1GCK457ZAsn\n1OyimA5NQkY8tLuNig0A3i/fjeMNLMseBw1ynxGM1kdEbR6JgO86jLUCgYEAzWS6\n67sIDcU1YxYOFTmjQYm7OGF6DuDaX06r7++CVKfzPmvRncgQvmbwF+CZXNR00kCc\n0ntiUgQEc7x5ioslAhcoIxWHzkQTs40IbfgP2JSDCTsJ0X1LFGGc8g38GnrZ1yAf\nAraq9+f7YwiHkpQBnu8UymY9CjpRFru1NPqFKGkCgYEAhtyMnnp4PS/xMt0QlU0W\nC3kdvZjpWVdmXo8ZVHRqfw8OvZHwd47OgI6xonE2KhLY/SJptea4guMON955gJdM\nusAHG0Pa98rwfn/G0DSwwy5lBWfnuGahlnDtf+tiL48L53klo7KDupYxusZsE1on\nrNH+EgUPGjqpaWLo7cq7EV0CgYBLQcZPi2cnDIREOxeL5WORJvMndGfxvael1kCf\nmIWLmUJCM+VJR74C1drRFOV8owfu5efQI49h98Dd20g5YER+IJf/SutIw57oYhud\nl4/OzpO4tR4i2SLCZAXKlx8xYKQi880JBH9eeGye28g5B+wUHQvkIVPqRHXju4Fo\n2QYjSQKBgQDtXUvxzvwTUDV37yERmoX1Xm+XDrR+5yB5jOx7nuqPd4bdbonYt0oo\nOP6uXNq7/14xfT61IyswUgtitB4096JxjpH46q3Zxnw4kJKHdX1EK8h17AMj+YEZ\n7QzubWQPFHa6KkfhokgQYyxUq0IONi3LKEyTffTLJAXG8xCVjer9sA==\n-----END RSA PRIVATE KEY-----\n",
                            "public_certificate": "-----BEGIN CERTIFICATE-----\nMIIErDCCA5SgAwIBAgIJAM5E7PlGig/QMA0GCSqGSIb3DQEBCwUAMIGXMQswCQYD\nVQQGEwJVUzEOMAwGA1UECAwFVGV4YXMxDzANBgNVBAcMBklydmluZzEPMA0GA1UE\nCgwGT1JhY2xlMQ0wCwYDVQQLDARWTlBNMSAwHgYDVQQDDBd0ZXN0NDAwbWIuam9o\nbmxvZGluaS51czElMCMGCSqGSIb3DQEJARYWam9obi5sb2RpbmlAb3JhY2xlLmNv\nbTAeFw0xOTA0MTgyMzIwNDJaFw0yMDA0MTcyMzIwNDJaMIGXMQswCQYDVQQGEwJV\nUzEOMAwGA1UECAwFVGV4YXMxDzANBgNVBAcMBklydmluZzEPMA0GA1UECgwGT1Jh\nY2xlMQ0wCwYDVQQLDARWTlBNMSAwHgYDVQQDDBd0ZXN0NDAwbWIuam9obmxvZGlu\naS51czElMCMGCSqGSIb3DQEJARYWam9obi5sb2RpbmlAb3JhY2xlLmNvbTCCASIw\nDQYJKoZIhvcNAQEBBQADggEPADCCAQoCggEBAMuQ7I/G8VAFzv2HsACxC57JE3UE\n67UrJFbJOa9WnHHZSBPtprim7KZ75NipmFLINiTWKysqTc1LXbiyGOAj+JGYXb/+\nhfV6FrRJqONk8+5nX+kO1N9iatmpycryi1gfVgmXVkKbN/o+uV8ZBOiD6CUvuKx3\nSjoALZ2YQR+aGOUqOPbc+PrEMSkvIUefs5qHDhxx395wOv4IEw7Zb9mHaqSWhi9z\nty9qiFPd1wqvjrfTYbo8uy0iYMpXYyipvvlkDHhaul+p3ARl5Ppv+D6tmld1ltKj\nmE+zKFZj/lYLP3FxL7b51JOZ9X2PEMiVaH9dykglfzn0xdW5NDWP2yEI/j0CAwEA\nAaOB+DCB9TCBtgYDVR0jBIGuMIGroYGdpIGaMIGXMQswCQYDVQQGEwJVUzEOMAwG\nA1UECAwFVGV4YXMxDzANBgNVBAcMBklydmluZzEPMA0GA1UECgwGT1JhY2xlMQ0w\nCwYDVQQLDARWTlBNMSAwHgYDVQQDDBd0ZXN0NDAwbWIuam9obmxvZGluaS51czEl\nMCMGCSqGSIb3DQEJARYWam9obi5sb2RpbmlAb3JhY2xlLmNvbYIJAM5E7PlGig/Q\nMAkGA1UdEwQCMAAwCwYDVR0PBAQDAgTwMCIGA1UdEQQbMBmCF3Rlc3Q0MDBtYi5q\nb2hubG9kaW5pLnVzMA0GCSqGSIb3DQEBCwUAA4IBAQAmZC8YD6qKOonCIeeTKS74\nfdyLOImYu/nASpxPHwCaCgNQnjeZB0wm74QCFP85/grRkMvrxTm/9FbGOoTq86kc\nJE87GquLdlJ3uvhDBiCG9urh5Nkbl6XifyZGX1Adk2T5WRYknvxvRmIlslNSezzW\nhsOugO8gXg6baUaotmLaJ6zX3K4OIrUJU8DGNr8R2UgGDfoDg5xpcO2V8c98Odt2\n2xB+N1L7WbD5jQQbtXepMWa8fML9+CPWqkLZCbeaRF/kzclJmxC4hbCIgBB+CPP3\n53byB3kvEnMMoCUjVNcNjItd2So2UDXXNvcpojETEF2G6Jfaif4HE6YmNy3/tpFR\n-----END CERTIFICATE-----",
                            "state": "SUCCEEDED"
                        },
                        "meta": {
                            "e2bfb730-ecaa-11e6-8f88-34363bc7c4c0": {
                                "create": 900000000000,
                                "delete": 900000000000,
                                "update": 900000000000
                            }
                        },
                        "tainted": false
                    },
                    "deposed": [],
                    "provider": "provider.oci"
                },
                "oci_load_balancer_hostname.test_hostname1": {
                    "type": "oci_load_balancer_hostname",
                    "depends_on": [
                        "oci_load_balancer.public-lb"
                    ],
                    "primary": {
                        "id": "loadBalancers/ocid1.loadbalancer.oc1.sa-saopaulo-1.aaaaaaaaeceeozucgryrfbuemftykphxzryk6k7x56mvmei6ljihpuo3ro3q/hostnames/hostname1",
                        "attributes": {
                            "hostname": "test400mb.johnlodini.us",
                            "id": "loadBalancers/ocid1.loadbalancer.oc1.sa-saopaulo-1.aaaaaaaaeceeozucgryrfbuemftykphxzryk6k7x56mvmei6ljihpuo3ro3q/hostnames/hostname1",
                            "load_balancer_id": "ocid1.loadbalancer.oc1.sa-saopaulo-1.aaaaaaaaeceeozucgryrfbuemftykphxzryk6k7x56mvmei6ljihpuo3ro3q",
                            "name": "hostname1",
                            "state": "SUCCEEDED"
                        },
                        "meta": {
                            "e2bfb730-ecaa-11e6-8f88-34363bc7c4c0": {
                                "create": 900000000000,
                                "delete": 900000000000,
                                "update": 900000000000
                            }
                        },
                        "tainted": false
                    },
                    "deposed": [],
                    "provider": "provider.oci"
                },
                "oci_load_balancer_listener.lb-listener1": {
                    "type": "oci_load_balancer_listener",
                    "depends_on": [
                        "oci_load_balancer.public-lb",
                        "oci_load_balancer_backend_set.web-lb1-bes1",
                        "oci_load_balancer_hostname.test_hostname1"
                    ],
                    "primary": {
                        "id": "loadBalancers/ocid1.loadbalancer.oc1.sa-saopaulo-1.aaaaaaaaeceeozucgryrfbuemftykphxzryk6k7x56mvmei6ljihpuo3ro3q/listeners/http80",
                        "attributes": {
                            "connection_configuration.#": "1",
                            "connection_configuration.0.idle_timeout_in_seconds": "2",
                            "default_backend_set_name": "web-lb-bes1",
                            "hostname_names.#": "1",
                            "hostname_names.0": "hostname1",
                            "id": "loadBalancers/ocid1.loadbalancer.oc1.sa-saopaulo-1.aaaaaaaaeceeozucgryrfbuemftykphxzryk6k7x56mvmei6ljihpuo3ro3q/listeners/http80",
                            "load_balancer_id": "ocid1.loadbalancer.oc1.sa-saopaulo-1.aaaaaaaaeceeozucgryrfbuemftykphxzryk6k7x56mvmei6ljihpuo3ro3q",
                            "name": "http80",
                            "port": "80",
                            "protocol": "HTTP",
                            "rule_set_names.#": "0",
                            "ssl_configuration.#": "0",
                            "state": "SUCCEEDED"
                        },
                        "meta": {
                            "e2bfb730-ecaa-11e6-8f88-34363bc7c4c0": {
                                "create": 900000000000,
                                "delete": 900000000000,
                                "update": 900000000000
                            }
                        },
                        "tainted": false
                    },
                    "deposed": [],
                    "provider": "provider.oci"
                },
                "oci_load_balancer_listener.lb-listener1-2": {
                    "type": "oci_load_balancer_listener",
                    "depends_on": [
                        "oci_load_balancer.public-lb2",
                        "oci_load_balancer_backend_set.web-lb2-bes1"
                    ],
                    "primary": {
                        "id": "loadBalancers/ocid1.loadbalancer.oc1.sa-saopaulo-1.aaaaaaaay7pnzrmc4etsczdcz2uybminndaatxd7bzz76bhywwpy5qebeoyq/listeners/http80",
                        "attributes": {
                            "connection_configuration.#": "1",
                            "connection_configuration.0.idle_timeout_in_seconds": "2",
                            "default_backend_set_name": "web-lb-bes1-2",
                            "hostname_names.#": "0",
                            "id": "loadBalancers/ocid1.loadbalancer.oc1.sa-saopaulo-1.aaaaaaaay7pnzrmc4etsczdcz2uybminndaatxd7bzz76bhywwpy5qebeoyq/listeners/http80",
                            "load_balancer_id": "ocid1.loadbalancer.oc1.sa-saopaulo-1.aaaaaaaay7pnzrmc4etsczdcz2uybminndaatxd7bzz76bhywwpy5qebeoyq",
                            "name": "http80",
                            "port": "80",
                            "protocol": "HTTP",
                            "rule_set_names.#": "0",
                            "ssl_configuration.#": "0",
                            "state": "SUCCEEDED"
                        },
                        "meta": {
                            "e2bfb730-ecaa-11e6-8f88-34363bc7c4c0": {
                                "create": 900000000000,
                                "delete": 900000000000,
                                "update": 900000000000
                            }
                        },
                        "tainted": false
                    },
                    "deposed": [],
                    "provider": "provider.oci"
                },
                "oci_load_balancer_listener.lb-listener2": {
                    "type": "oci_load_balancer_listener",
                    "depends_on": [
                        "oci_load_balancer.private-lb",
                        "oci_load_balancer_backend_set.web-lb1-bes2"
                    ],
                    "primary": {
                        "id": "loadBalancers/ocid1.loadbalancer.oc1.sa-saopaulo-1.aaaaaaaamukawvvhhmeap7gubhcpjmmswzyajuxg6kvj72q4iwlo7psazvea/listeners/http80",
                        "attributes": {
                            "connection_configuration.#": "1",
                            "connection_configuration.0.idle_timeout_in_seconds": "2",
                            "default_backend_set_name": "web-lb-bes2",
                            "hostname_names.#": "0",
                            "id": "loadBalancers/ocid1.loadbalancer.oc1.sa-saopaulo-1.aaaaaaaamukawvvhhmeap7gubhcpjmmswzyajuxg6kvj72q4iwlo7psazvea/listeners/http80",
                            "load_balancer_id": "ocid1.loadbalancer.oc1.sa-saopaulo-1.aaaaaaaamukawvvhhmeap7gubhcpjmmswzyajuxg6kvj72q4iwlo7psazvea",
                            "name": "http80",
                            "port": "80",
                            "protocol": "HTTP",
                            "rule_set_names.#": "0",
                            "ssl_configuration.#": "0",
                            "state": "SUCCEEDED"
                        },
                        "meta": {
                            "e2bfb730-ecaa-11e6-8f88-34363bc7c4c0": {
                                "create": 900000000000,
                                "delete": 900000000000,
                                "update": 900000000000
                            }
                        },
                        "tainted": false
                    },
                    "deposed": [],
                    "provider": "provider.oci"
                },
                "oci_load_balancer_listener.lb-listener2-2": {
                    "type": "oci_load_balancer_listener",
                    "depends_on": [
                        "oci_load_balancer.private-lb2",
                        "oci_load_balancer_backend_set.web-lb2-bes2"
                    ],
                    "primary": {
                        "id": "loadBalancers/ocid1.loadbalancer.oc1.sa-saopaulo-1.aaaaaaaae7bptyhv3hg4m6han6rax4p4uxzuwldiucrwye6qzqn2xj7wcdza/listeners/http80",
                        "attributes": {
                            "connection_configuration.#": "1",
                            "connection_configuration.0.idle_timeout_in_seconds": "2",
                            "default_backend_set_name": "web-lb2-bes2",
                            "hostname_names.#": "0",
                            "id": "loadBalancers/ocid1.loadbalancer.oc1.sa-saopaulo-1.aaaaaaaae7bptyhv3hg4m6han6rax4p4uxzuwldiucrwye6qzqn2xj7wcdza/listeners/http80",
                            "load_balancer_id": "ocid1.loadbalancer.oc1.sa-saopaulo-1.aaaaaaaae7bptyhv3hg4m6han6rax4p4uxzuwldiucrwye6qzqn2xj7wcdza",
                            "name": "http80",
                            "port": "80",
                            "protocol": "HTTP",
                            "rule_set_names.#": "0",
                            "ssl_configuration.#": "0",
                            "state": "SUCCEEDED"
                        },
                        "meta": {
                            "e2bfb730-ecaa-11e6-8f88-34363bc7c4c0": {
                                "create": 900000000000,
                                "delete": 900000000000,
                                "update": 900000000000
                            }
                        },
                        "tainted": false
                    },
                    "deposed": [],
                    "provider": "provider.oci"
                },
                "oci_load_balancer_path_route_set.test_path_route_set": {
                    "type": "oci_load_balancer_path_route_set",
                    "depends_on": [
                        "oci_load_balancer.public-lb",
                        "oci_load_balancer_backend_set.web-lb1-bes1"
                    ],
                    "primary": {
                        "id": "loadBalancers/ocid1.loadbalancer.oc1.sa-saopaulo-1.aaaaaaaaeceeozucgryrfbuemftykphxzryk6k7x56mvmei6ljihpuo3ro3q/pathRouteSets/pr-set1",
                        "attributes": {
                            "id": "loadBalancers/ocid1.loadbalancer.oc1.sa-saopaulo-1.aaaaaaaaeceeozucgryrfbuemftykphxzryk6k7x56mvmei6ljihpuo3ro3q/pathRouteSets/pr-set1",
                            "load_balancer_id": "ocid1.loadbalancer.oc1.sa-saopaulo-1.aaaaaaaaeceeozucgryrfbuemftykphxzryk6k7x56mvmei6ljihpuo3ro3q",
                            "name": "pr-set1",
                            "path_routes.#": "1",
                            "path_routes.0.backend_set_name": "web-lb-bes1",
                            "path_routes.0.path": "/sample",
                            "path_routes.0.path_match_type.#": "1",
                            "path_routes.0.path_match_type.0.match_type": "PREFIX_MATCH",
                            "state": "SUCCEEDED"
                        },
                        "meta": {
                            "e2bfb730-ecaa-11e6-8f88-34363bc7c4c0": {
                                "create": 900000000000,
                                "delete": 900000000000,
                                "update": 900000000000
                            }
                        },
                        "tainted": false
                    },
                    "deposed": [],
                    "provider": "provider.oci"
                },
                "oci_load_balancer_path_route_set.test_path_route_set_private": {
                    "type": "oci_load_balancer_path_route_set",
                    "depends_on": [
                        "oci_load_balancer.private-lb",
                        "oci_load_balancer_backend_set.web-lb1-bes2"
                    ],
                    "primary": {
                        "id": "loadBalancers/ocid1.loadbalancer.oc1.sa-saopaulo-1.aaaaaaaamukawvvhhmeap7gubhcpjmmswzyajuxg6kvj72q4iwlo7psazvea/pathRouteSets/pr-set1",
                        "attributes": {
                            "id": "loadBalancers/ocid1.loadbalancer.oc1.sa-saopaulo-1.aaaaaaaamukawvvhhmeap7gubhcpjmmswzyajuxg6kvj72q4iwlo7psazvea/pathRouteSets/pr-set1",
                            "load_balancer_id": "ocid1.loadbalancer.oc1.sa-saopaulo-1.aaaaaaaamukawvvhhmeap7gubhcpjmmswzyajuxg6kvj72q4iwlo7psazvea",
                            "name": "pr-set1",
                            "path_routes.#": "1",
                            "path_routes.0.backend_set_name": "web-lb-bes2",
                            "path_routes.0.path": "/sample",
                            "path_routes.0.path_match_type.#": "1",
                            "path_routes.0.path_match_type.0.match_type": "PREFIX_MATCH",
                            "state": "SUCCEEDED"
                        },
                        "meta": {
                            "e2bfb730-ecaa-11e6-8f88-34363bc7c4c0": {
                                "create": 900000000000,
                                "delete": 900000000000,
                                "update": 900000000000
                            }
                        },
                        "tainted": false
                    },
                    "deposed": [],
                    "provider": "provider.oci"
                },
                "oci_load_balancer_rule_set.test_rule_set": {
                    "type": "oci_load_balancer_rule_set",
                    "depends_on": [
                        "oci_load_balancer.public-lb"
                    ],
                    "primary": {
                        "id": "loadBalancers/ocid1.loadbalancer.oc1.sa-saopaulo-1.aaaaaaaaeceeozucgryrfbuemftykphxzryk6k7x56mvmei6ljihpuo3ro3q/ruleSets/example_rule_set_name",
                        "attributes": {
                            "id": "loadBalancers/ocid1.loadbalancer.oc1.sa-saopaulo-1.aaaaaaaaeceeozucgryrfbuemftykphxzryk6k7x56mvmei6ljihpuo3ro3q/ruleSets/example_rule_set_name",
                            "items.#": "1",
                            "items.2713997693.action": "ADD_HTTP_REQUEST_HEADER",
                            "items.2713997693.allowed_methods.#": "0",
                            "items.2713997693.conditions.#": "0",
                            "items.2713997693.description": "",
                            "items.2713997693.header": "WL-Proxy-SSL",
                            "items.2713997693.prefix": "",
                            "items.2713997693.status_code": "0",
                            "items.2713997693.suffix": "",
                            "items.2713997693.value": "true",
                            "load_balancer_id": "ocid1.loadbalancer.oc1.sa-saopaulo-1.aaaaaaaaeceeozucgryrfbuemftykphxzryk6k7x56mvmei6ljihpuo3ro3q",
                            "name": "example_rule_set_name",
                            "state": "SUCCEEDED"
                        },
                        "meta": {
                            "e2bfb730-ecaa-11e6-8f88-34363bc7c4c0": {
                                "create": 900000000000,
                                "delete": 900000000000,
                                "update": 900000000000
                            }
                        },
                        "tainted": false
                    },
                    "deposed": [],
                    "provider": "provider.oci"
                }
            },
            "depends_on": []
        }
    ]
}
